<?xml version="1.0" encoding="utf-8"?>
<Project ToolsVersion="4.0" xmlns="http://schemas.microsoft.com/developer/msbuild/2003">
  <ItemGroup>
    <Filter Include="pb">
      <UniqueIdentifier>{7893c805-908d-4170-a7bc-b0cc2e43ea19}</UniqueIdentifier>
    </Filter>
    <Filter Include="Game_s13s">
      <UniqueIdentifier>{a62c7dae-4d82-473c-a760-d29ddd3cc22b}</UniqueIdentifier>
    </Filter>
    <Filter Include="public">
      <UniqueIdentifier>{fff561bb-c0a4-4ec1-8a1e-6a5a1be970de}</UniqueIdentifier>
    </Filter>
  </ItemGroup>
  <ItemGroup>
    <ClCompile Include="..\..\proto\s13s.Message.pb.cc">
      <Filter>pb</Filter>
    </ClCompile>
    <ClCompile Include="AndroidUserItemSink.cpp">
      <Filter>Game_s13s</Filter>
    </ClCompile>
    <ClCompile Include="..\..\Framework\public\GlobalFunc.cpp">
      <Filter>public</Filter>
    </ClCompile>
  </ItemGroup>
  <ItemGroup>
    <ClInclude Include="..\..\proto\s13s.Message.pb.h">
      <Filter>pb</Filter>
    </ClInclude>
    <ClInclude Include="..\Game_s13s\StdRandom.h">
      <Filter>Game_s13s</Filter>
    </ClInclude>
    <ClInclude Include="AndroidUserItemSink.h">
      <Filter>Game_s13s</Filter>
    </ClInclude>
    <ClInclude Include="..\..\Framework\public\GlobalFunc.h">
      <Filter>public</Filter>
    </ClInclude>
  </ItemGroup>
</Project>