
Microsoft Visual Studio Solution File, Format Version 12.00
# Visual Studio Version 17
VisualStudioVersion = 17.4.33213.308
MinimumVisualStudioVersion = 10.0.40219.1
Project("{8BC9CEB8-8B4A-11D0-8D11-00A0C91BC942}") = "mongocxx", "mongocxx\mongocxx.vcxproj", "{6F6F75B8-42E5-441F-9451-73D45CC1BFDB}"
EndProject
Project("{2150E333-8FDC-42A3-9474-1A3956D46DE8}") = "逻辑服", "逻辑服", "{7E53C481-92EC-4ADA-801B-33F770FA192D}"
EndProject
Project("{2150E333-8FDC-42A3-9474-1A3956D46DE8}") = "test", "test", "{49EAB1BB-51BE-4BCF-8DD7-D056F005CB3B}"
EndProject
Project("{8BC9CEB8-8B4A-11D0-8D11-00A0C91BC942}") = "muduo", "muduo\muduo.vcxproj", "{EC76A170-E72D-448D-88B9-5F0369EFBA09}"
EndProject
Project("{8BC9CEB8-8B4A-11D0-8D11-00A0C91BC942}") = "websocket", "websocket\websocket.vcxproj", "{BF82CF0B-A6F4-4777-96C4-A35DAEF17167}"
EndProject
Project("{2150E333-8FDC-42A3-9474-1A3956D46DE8}") = "框架服", "框架服", "{0B4050C0-0D90-4333-83CC-18FE301968A5}"
EndProject
Project("{8BC9CEB8-8B4A-11D0-8D11-00A0C91BC942}") = "game_gate", "game_gate\game_gate.vcxproj", "{54C2217D-3020-4202-B441-ACD09B413D5C}"
EndProject
Project("{8BC9CEB8-8B4A-11D0-8D11-00A0C91BC942}") = "game_hall", "game_hall\game_hall.vcxproj", "{61105ECA-57F3-46E2-A2DF-48EB6B24F097}"
EndProject
Project("{8BC9CEB8-8B4A-11D0-8D11-00A0C91BC942}") = "game_serv", "game_serv\game_serv.vcxproj", "{D9297E7F-7F8C-4E03-9204-84159EF98ABB}"
EndProject
Project("{8BC9CEB8-8B4A-11D0-8D11-00A0C91BC942}") = "game_serv_club", "game_serv_club\game_serv_club.vcxproj", "{C5E59773-98C0-4D1E-963B-EA387F91B3A9}"
EndProject
Project("{8BC9CEB8-8B4A-11D0-8D11-00A0C91BC942}") = "examples", "examples\examples.vcxproj", "{896EFF76-9C1D-41C1-9E8A-CFD3BCBDD4EA}"
EndProject
Project("{8BC9CEB8-8B4A-11D0-8D11-00A0C91BC942}") = "examples_serv", "examples_serv\examples_serv.vcxproj", "{70E50589-42F5-45DE-BEEB-E35C9DB21710}"
EndProject
Project("{8BC9CEB8-8B4A-11D0-8D11-00A0C91BC942}") = "Game_s13s", "..\Game_s13s\Game_s13s.vcxproj", "{5E6399AC-610F-42E1-B604-2006F2695091}"
EndProject
Project("{8BC9CEB8-8B4A-11D0-8D11-00A0C91BC942}") = "Logger", "Logger\Logger.vcxproj", "{28AC37C0-F75C-4ED8-B834-838A1C1C6C9A}"
EndProject
Project("{8BC9CEB8-8B4A-11D0-8D11-00A0C91BC942}") = "game_tracemsg", "game_tracemsg\game_tracemsg.vcxproj", "{F79C32CD-369F-461B-9AEE-E430EE199C2B}"
EndProject
Project("{8BC9CEB8-8B4A-11D0-8D11-00A0C91BC942}") = "proj_linux", "proj_linux\proj_linux.vcxproj", "{CBCABB9A-1150-455E-A9A5-A9450E576A9B}"
EndProject
Project("{8BC9CEB8-8B4A-11D0-8D11-00A0C91BC942}") = "Game_suoha", "..\Game_suoha\Game_suoha.vcxproj", "{A2AB5E73-2DD0-4800-A8D3-859586C9FFA6}"
EndProject
Project("{8BC9CEB8-8B4A-11D0-8D11-00A0C91BC942}") = "Game_suoha_robot", "..\Game_suoha_robot\Game_suoha_robot.vcxproj", "{458F2257-6D11-440E-98AB-3B10EC9CF680}"
EndProject
Project("{8BC9CEB8-8B4A-11D0-8D11-00A0C91BC942}") = "Game_texas", "..\Game_texas\Game_texas.vcxproj", "{8999A692-1FF0-429D-ADBD-609BE4B82EDA}"
EndProject
Project("{8BC9CEB8-8B4A-11D0-8D11-00A0C91BC942}") = "Game_texas_robot", "..\Game_texas_robot\Game_texas_robot.vcxproj", "{CF1E2E55-D94F-40F4-B2C3-BD145170A5AF}"
EndProject
Project("{8BC9CEB8-8B4A-11D0-8D11-00A0C91BC942}") = "game_login", "game_login\game_login.vcxproj", "{07A2C6B2-9321-4525-8999-9B05D93F78D2}"
EndProject
Project("{8BC9CEB8-8B4A-11D0-8D11-00A0C91BC942}") = "examples_new", "examples_new\examples_new.vcxproj", "{6FD01462-02C9-4E1B-8793-62C385409CD7}"
EndProject
Project("{8BC9CEB8-8B4A-11D0-8D11-00A0C91BC942}") = "examples_serv_new", "examples_serv_new\examples_serv_new.vcxproj", "{98D43568-1CB7-4AB5-8B93-EB00F842D4FF}"
EndProject
Project("{2150E333-8FDC-42A3-9474-1A3956D46DE8}") = "protorpc2", "protorpc2", "{69F4B2A7-9354-462F-A56A-C7AF45512184}"
EndProject
Project("{2150E333-8FDC-42A3-9474-1A3956D46DE8}") = "protorpc", "protorpc", "{2287E7BA-20D0-45E8-BBB7-EB0B2C06C2EB}"
EndProject
Project("{2150E333-8FDC-42A3-9474-1A3956D46DE8}") = "thirdpart", "thirdpart", "{EAB8C35D-6F2D-4A24-ABC9-E5F07C8A413D}"
EndProject
Project("{8BC9CEB8-8B4A-11D0-8D11-00A0C91BC942}") = "Game_s13s_club", "..\Game_s13s_club\Game_s13s_club.vcxproj", "{A70F238A-F1DD-40CF-B312-1855B3164449}"
EndProject
Project("{8BC9CEB8-8B4A-11D0-8D11-00A0C91BC942}") = "Game_s13s_club_robot", "..\Game_s13s_club_robot\Game_s13s_club_robot.vcxproj", "{55676B93-A169-45C0-8959-DA7170765831}"
EndProject
Project("{8BC9CEB8-8B4A-11D0-8D11-00A0C91BC942}") = "game_router", "game_router\game_router.vcxproj", "{EF64777B-0AEF-4B0E-9911-30B4EA64D096}"
EndProject
Project("{8BC9CEB8-8B4A-11D0-8D11-00A0C91BC942}") = "MongoDB", "MongoDB\MongoDB.vcxproj", "{352A5090-0087-4623-9CD5-606ABFD66060}"
EndProject
Project("{8BC9CEB8-8B4A-11D0-8D11-00A0C91BC942}") = "redisLock", "redisLock\redisLock.vcxproj", "{51AFC3A8-60A4-43A8-ADF2-FFE23DF16F4E}"
EndProject
Project("{8BC9CEB8-8B4A-11D0-8D11-00A0C91BC942}") = "TraceMsg", "TraceMsg\TraceMsg.vcxproj", "{9F00C455-7220-4E80-AF41-ACA9BBEF7884}"
EndProject
Project("{8BC9CEB8-8B4A-11D0-8D11-00A0C91BC942}") = "zkclient", "zkclient\zkclient.vcxproj", "{10E84B89-AB28-4349-A96A-16620BD5AD0B}"
EndProject
Project("{8BC9CEB8-8B4A-11D0-8D11-00A0C91BC942}") = "Packet", "Packet\Packet.vcxproj", "{0B20C374-266C-4560-AE49-38971781B8E1}"
EndProject
Project("{8BC9CEB8-8B4A-11D0-8D11-00A0C91BC942}") = "Response", "Response\Response.vcxproj", "{EC3987E3-991D-48D7-BFAA-7D8DE7780DEB}"
EndProject
Project("{8BC9CEB8-8B4A-11D0-8D11-00A0C91BC942}") = "IPLocator", "IPlocator\IPlocator.vcxproj", "{BC90F05B-0BD3-4123-AF09-C8AFF7332E9E}"
EndProject
Project("{2150E333-8FDC-42A3-9474-1A3956D46DE8}") = "libs", "libs", "{504A1C88-55D4-43F2-AADB-A6965707A471}"
EndProject
Project("{8BC9CEB8-8B4A-11D0-8D11-00A0C91BC942}") = "Game_s13s_robot", "..\Game_s13s_robot\Game_s13s_robot.vcxproj", "{0304B3D8-3AF1-4E14-AAAE-0753CFEDB9C4}"
EndProject
Project("{8BC9CEB8-8B4A-11D0-8D11-00A0C91BC942}") = "game_api", "game_api\game_api.vcxproj", "{1354DEAF-419A-44C5-B386-3466E7B34C04}"
EndProject
Global
	GlobalSection(SolutionConfigurationPlatforms) = preSolution
		Debug|ARM = Debug|ARM
		Debug|ARM64 = Debug|ARM64
		Debug|x64 = Debug|x64
		Debug|x86 = Debug|x86
		Release|ARM = Release|ARM
		Release|ARM64 = Release|ARM64
		Release|x64 = Release|x64
		Release|x86 = Release|x86
	EndGlobalSection
	GlobalSection(ProjectConfigurationPlatforms) = postSolution
		{6F6F75B8-42E5-441F-9451-73D45CC1BFDB}.Debug|ARM.ActiveCfg = Debug|ARM
		{6F6F75B8-42E5-441F-9451-73D45CC1BFDB}.Debug|ARM.Build.0 = Debug|ARM
		{6F6F75B8-42E5-441F-9451-73D45CC1BFDB}.Debug|ARM64.ActiveCfg = Debug|ARM64
		{6F6F75B8-42E5-441F-9451-73D45CC1BFDB}.Debug|ARM64.Build.0 = Debug|ARM64
		{6F6F75B8-42E5-441F-9451-73D45CC1BFDB}.Debug|x64.ActiveCfg = Debug|x64
		{6F6F75B8-42E5-441F-9451-73D45CC1BFDB}.Debug|x64.Build.0 = Debug|x64
		{6F6F75B8-42E5-441F-9451-73D45CC1BFDB}.Debug|x86.ActiveCfg = Debug|x86
		{6F6F75B8-42E5-441F-9451-73D45CC1BFDB}.Debug|x86.Build.0 = Debug|x86
		{6F6F75B8-42E5-441F-9451-73D45CC1BFDB}.Release|ARM.ActiveCfg = Release|ARM
		{6F6F75B8-42E5-441F-9451-73D45CC1BFDB}.Release|ARM.Build.0 = Release|ARM
		{6F6F75B8-42E5-441F-9451-73D45CC1BFDB}.Release|ARM64.ActiveCfg = Release|ARM64
		{6F6F75B8-42E5-441F-9451-73D45CC1BFDB}.Release|ARM64.Build.0 = Release|ARM64
		{6F6F75B8-42E5-441F-9451-73D45CC1BFDB}.Release|x64.ActiveCfg = Release|x64
		{6F6F75B8-42E5-441F-9451-73D45CC1BFDB}.Release|x64.Build.0 = Release|x64
		{6F6F75B8-42E5-441F-9451-73D45CC1BFDB}.Release|x86.ActiveCfg = Release|x86
		{6F6F75B8-42E5-441F-9451-73D45CC1BFDB}.Release|x86.Build.0 = Release|x86
		{EC76A170-E72D-448D-88B9-5F0369EFBA09}.Debug|ARM.ActiveCfg = Debug|ARM
		{EC76A170-E72D-448D-88B9-5F0369EFBA09}.Debug|ARM.Build.0 = Debug|ARM
		{EC76A170-E72D-448D-88B9-5F0369EFBA09}.Debug|ARM64.ActiveCfg = Debug|ARM64
		{EC76A170-E72D-448D-88B9-5F0369EFBA09}.Debug|ARM64.Build.0 = Debug|ARM64
		{EC76A170-E72D-448D-88B9-5F0369EFBA09}.Debug|x64.ActiveCfg = Debug|x64
		{EC76A170-E72D-448D-88B9-5F0369EFBA09}.Debug|x64.Build.0 = Debug|x64
		{EC76A170-E72D-448D-88B9-5F0369EFBA09}.Debug|x86.ActiveCfg = Debug|x86
		{EC76A170-E72D-448D-88B9-5F0369EFBA09}.Debug|x86.Build.0 = Debug|x86
		{EC76A170-E72D-448D-88B9-5F0369EFBA09}.Release|ARM.ActiveCfg = Release|ARM
		{EC76A170-E72D-448D-88B9-5F0369EFBA09}.Release|ARM.Build.0 = Release|ARM
		{EC76A170-E72D-448D-88B9-5F0369EFBA09}.Release|ARM64.ActiveCfg = Release|ARM64
		{EC76A170-E72D-448D-88B9-5F0369EFBA09}.Release|ARM64.Build.0 = Release|ARM64
		{EC76A170-E72D-448D-88B9-5F0369EFBA09}.Release|x64.ActiveCfg = Release|x64
		{EC76A170-E72D-448D-88B9-5F0369EFBA09}.Release|x64.Build.0 = Release|x64
		{EC76A170-E72D-448D-88B9-5F0369EFBA09}.Release|x86.ActiveCfg = Release|x86
		{EC76A170-E72D-448D-88B9-5F0369EFBA09}.Release|x86.Build.0 = Release|x86
		{BF82CF0B-A6F4-4777-96C4-A35DAEF17167}.Debug|ARM.ActiveCfg = Debug|ARM
		{BF82CF0B-A6F4-4777-96C4-A35DAEF17167}.Debug|ARM.Build.0 = Debug|ARM
		{BF82CF0B-A6F4-4777-96C4-A35DAEF17167}.Debug|ARM.Deploy.0 = Debug|ARM
		{BF82CF0B-A6F4-4777-96C4-A35DAEF17167}.Debug|ARM64.ActiveCfg = Debug|ARM64
		{BF82CF0B-A6F4-4777-96C4-A35DAEF17167}.Debug|ARM64.Build.0 = Debug|ARM64
		{BF82CF0B-A6F4-4777-96C4-A35DAEF17167}.Debug|ARM64.Deploy.0 = Debug|ARM64
		{BF82CF0B-A6F4-4777-96C4-A35DAEF17167}.Debug|x64.ActiveCfg = Debug|x64
		{BF82CF0B-A6F4-4777-96C4-A35DAEF17167}.Debug|x64.Build.0 = Debug|x64
		{BF82CF0B-A6F4-4777-96C4-A35DAEF17167}.Debug|x64.Deploy.0 = Debug|x64
		{BF82CF0B-A6F4-4777-96C4-A35DAEF17167}.Debug|x86.ActiveCfg = Debug|x86
		{BF82CF0B-A6F4-4777-96C4-A35DAEF17167}.Debug|x86.Build.0 = Debug|x86
		{BF82CF0B-A6F4-4777-96C4-A35DAEF17167}.Debug|x86.Deploy.0 = Debug|x86
		{BF82CF0B-A6F4-4777-96C4-A35DAEF17167}.Release|ARM.ActiveCfg = Release|ARM
		{BF82CF0B-A6F4-4777-96C4-A35DAEF17167}.Release|ARM.Build.0 = Release|ARM
		{BF82CF0B-A6F4-4777-96C4-A35DAEF17167}.Release|ARM.Deploy.0 = Release|ARM
		{BF82CF0B-A6F4-4777-96C4-A35DAEF17167}.Release|ARM64.ActiveCfg = Release|ARM64
		{BF82CF0B-A6F4-4777-96C4-A35DAEF17167}.Release|ARM64.Build.0 = Release|ARM64
		{BF82CF0B-A6F4-4777-96C4-A35DAEF17167}.Release|ARM64.Deploy.0 = Release|ARM64
		{BF82CF0B-A6F4-4777-96C4-A35DAEF17167}.Release|x64.ActiveCfg = Release|x64
		{BF82CF0B-A6F4-4777-96C4-A35DAEF17167}.Release|x64.Build.0 = Release|x64
		{BF82CF0B-A6F4-4777-96C4-A35DAEF17167}.Release|x64.Deploy.0 = Release|x64
		{BF82CF0B-A6F4-4777-96C4-A35DAEF17167}.Release|x86.ActiveCfg = Release|x86
		{BF82CF0B-A6F4-4777-96C4-A35DAEF17167}.Release|x86.Build.0 = Release|x86
		{BF82CF0B-A6F4-4777-96C4-A35DAEF17167}.Release|x86.Deploy.0 = Release|x86
		{54C2217D-3020-4202-B441-ACD09B413D5C}.Debug|ARM.ActiveCfg = Debug|ARM
		{54C2217D-3020-4202-B441-ACD09B413D5C}.Debug|ARM.Build.0 = Debug|ARM
		{54C2217D-3020-4202-B441-ACD09B413D5C}.Debug|ARM.Deploy.0 = Debug|ARM
		{54C2217D-3020-4202-B441-ACD09B413D5C}.Debug|ARM64.ActiveCfg = Debug|ARM64
		{54C2217D-3020-4202-B441-ACD09B413D5C}.Debug|ARM64.Build.0 = Debug|ARM64
		{54C2217D-3020-4202-B441-ACD09B413D5C}.Debug|ARM64.Deploy.0 = Debug|ARM64
		{54C2217D-3020-4202-B441-ACD09B413D5C}.Debug|x64.ActiveCfg = Debug|x64
		{54C2217D-3020-4202-B441-ACD09B413D5C}.Debug|x64.Build.0 = Debug|x64
		{54C2217D-3020-4202-B441-ACD09B413D5C}.Debug|x64.Deploy.0 = Debug|x64
		{54C2217D-3020-4202-B441-ACD09B413D5C}.Debug|x86.ActiveCfg = Debug|x86
		{54C2217D-3020-4202-B441-ACD09B413D5C}.Debug|x86.Build.0 = Debug|x86
		{54C2217D-3020-4202-B441-ACD09B413D5C}.Debug|x86.Deploy.0 = Debug|x86
		{54C2217D-3020-4202-B441-ACD09B413D5C}.Release|ARM.ActiveCfg = Release|ARM
		{54C2217D-3020-4202-B441-ACD09B413D5C}.Release|ARM.Build.0 = Release|ARM
		{54C2217D-3020-4202-B441-ACD09B413D5C}.Release|ARM.Deploy.0 = Release|ARM
		{54C2217D-3020-4202-B441-ACD09B413D5C}.Release|ARM64.ActiveCfg = Release|ARM64
		{54C2217D-3020-4202-B441-ACD09B413D5C}.Release|ARM64.Build.0 = Release|ARM64
		{54C2217D-3020-4202-B441-ACD09B413D5C}.Release|ARM64.Deploy.0 = Release|ARM64
		{54C2217D-3020-4202-B441-ACD09B413D5C}.Release|x64.ActiveCfg = Release|x64
		{54C2217D-3020-4202-B441-ACD09B413D5C}.Release|x64.Build.0 = Release|x64
		{54C2217D-3020-4202-B441-ACD09B413D5C}.Release|x64.Deploy.0 = Release|x64
		{54C2217D-3020-4202-B441-ACD09B413D5C}.Release|x86.ActiveCfg = Release|x86
		{54C2217D-3020-4202-B441-ACD09B413D5C}.Release|x86.Build.0 = Release|x86
		{54C2217D-3020-4202-B441-ACD09B413D5C}.Release|x86.Deploy.0 = Release|x86
		{61105ECA-57F3-46E2-A2DF-48EB6B24F097}.Debug|ARM.ActiveCfg = Debug|ARM
		{61105ECA-57F3-46E2-A2DF-48EB6B24F097}.Debug|ARM.Build.0 = Debug|ARM
		{61105ECA-57F3-46E2-A2DF-48EB6B24F097}.Debug|ARM.Deploy.0 = Debug|ARM
		{61105ECA-57F3-46E2-A2DF-48EB6B24F097}.Debug|ARM64.ActiveCfg = Debug|ARM64
		{61105ECA-57F3-46E2-A2DF-48EB6B24F097}.Debug|ARM64.Build.0 = Debug|ARM64
		{61105ECA-57F3-46E2-A2DF-48EB6B24F097}.Debug|ARM64.Deploy.0 = Debug|ARM64
		{61105ECA-57F3-46E2-A2DF-48EB6B24F097}.Debug|x64.ActiveCfg = Debug|x64
		{61105ECA-57F3-46E2-A2DF-48EB6B24F097}.Debug|x64.Build.0 = Debug|x64
		{61105ECA-57F3-46E2-A2DF-48EB6B24F097}.Debug|x64.Deploy.0 = Debug|x64
		{61105ECA-57F3-46E2-A2DF-48EB6B24F097}.Debug|x86.ActiveCfg = Debug|x86
		{61105ECA-57F3-46E2-A2DF-48EB6B24F097}.Debug|x86.Build.0 = Debug|x86
		{61105ECA-57F3-46E2-A2DF-48EB6B24F097}.Debug|x86.Deploy.0 = Debug|x86
		{61105ECA-57F3-46E2-A2DF-48EB6B24F097}.Release|ARM.ActiveCfg = Release|ARM
		{61105ECA-57F3-46E2-A2DF-48EB6B24F097}.Release|ARM.Build.0 = Release|ARM
		{61105ECA-57F3-46E2-A2DF-48EB6B24F097}.Release|ARM.Deploy.0 = Release|ARM
		{61105ECA-57F3-46E2-A2DF-48EB6B24F097}.Release|ARM64.ActiveCfg = Release|ARM64
		{61105ECA-57F3-46E2-A2DF-48EB6B24F097}.Release|ARM64.Build.0 = Release|ARM64
		{61105ECA-57F3-46E2-A2DF-48EB6B24F097}.Release|ARM64.Deploy.0 = Release|ARM64
		{61105ECA-57F3-46E2-A2DF-48EB6B24F097}.Release|x64.ActiveCfg = Release|x64
		{61105ECA-57F3-46E2-A2DF-48EB6B24F097}.Release|x64.Build.0 = Release|x64
		{61105ECA-57F3-46E2-A2DF-48EB6B24F097}.Release|x64.Deploy.0 = Release|x64
		{61105ECA-57F3-46E2-A2DF-48EB6B24F097}.Release|x86.ActiveCfg = Release|x86
		{61105ECA-57F3-46E2-A2DF-48EB6B24F097}.Release|x86.Build.0 = Release|x86
		{61105ECA-57F3-46E2-A2DF-48EB6B24F097}.Release|x86.Deploy.0 = Release|x86
		{D9297E7F-7F8C-4E03-9204-84159EF98ABB}.Debug|ARM.ActiveCfg = Debug|ARM
		{D9297E7F-7F8C-4E03-9204-84159EF98ABB}.Debug|ARM.Build.0 = Debug|ARM
		{D9297E7F-7F8C-4E03-9204-84159EF98ABB}.Debug|ARM.Deploy.0 = Debug|ARM
		{D9297E7F-7F8C-4E03-9204-84159EF98ABB}.Debug|ARM64.ActiveCfg = Debug|ARM64
		{D9297E7F-7F8C-4E03-9204-84159EF98ABB}.Debug|ARM64.Build.0 = Debug|ARM64
		{D9297E7F-7F8C-4E03-9204-84159EF98ABB}.Debug|ARM64.Deploy.0 = Debug|ARM64
		{D9297E7F-7F8C-4E03-9204-84159EF98ABB}.Debug|x64.ActiveCfg = Debug|x64
		{D9297E7F-7F8C-4E03-9204-84159EF98ABB}.Debug|x64.Build.0 = Debug|x64
		{D9297E7F-7F8C-4E03-9204-84159EF98ABB}.Debug|x64.Deploy.0 = Debug|x64
		{D9297E7F-7F8C-4E03-9204-84159EF98ABB}.Debug|x86.ActiveCfg = Debug|x86
		{D9297E7F-7F8C-4E03-9204-84159EF98ABB}.Debug|x86.Build.0 = Debug|x86
		{D9297E7F-7F8C-4E03-9204-84159EF98ABB}.Debug|x86.Deploy.0 = Debug|x86
		{D9297E7F-7F8C-4E03-9204-84159EF98ABB}.Release|ARM.ActiveCfg = Release|ARM
		{D9297E7F-7F8C-4E03-9204-84159EF98ABB}.Release|ARM.Build.0 = Release|ARM
		{D9297E7F-7F8C-4E03-9204-84159EF98ABB}.Release|ARM.Deploy.0 = Release|ARM
		{D9297E7F-7F8C-4E03-9204-84159EF98ABB}.Release|ARM64.ActiveCfg = Release|ARM64
		{D9297E7F-7F8C-4E03-9204-84159EF98ABB}.Release|ARM64.Build.0 = Release|ARM64
		{D9297E7F-7F8C-4E03-9204-84159EF98ABB}.Release|ARM64.Deploy.0 = Release|ARM64
		{D9297E7F-7F8C-4E03-9204-84159EF98ABB}.Release|x64.ActiveCfg = Release|x64
		{D9297E7F-7F8C-4E03-9204-84159EF98ABB}.Release|x64.Build.0 = Release|x64
		{D9297E7F-7F8C-4E03-9204-84159EF98ABB}.Release|x64.Deploy.0 = Release|x64
		{D9297E7F-7F8C-4E03-9204-84159EF98ABB}.Release|x86.ActiveCfg = Release|x86
		{D9297E7F-7F8C-4E03-9204-84159EF98ABB}.Release|x86.Build.0 = Release|x86
		{D9297E7F-7F8C-4E03-9204-84159EF98ABB}.Release|x86.Deploy.0 = Release|x86
		{C5E59773-98C0-4D1E-963B-EA387F91B3A9}.Debug|ARM.ActiveCfg = Debug|ARM
		{C5E59773-98C0-4D1E-963B-EA387F91B3A9}.Debug|ARM.Build.0 = Debug|ARM
		{C5E59773-98C0-4D1E-963B-EA387F91B3A9}.Debug|ARM.Deploy.0 = Debug|ARM
		{C5E59773-98C0-4D1E-963B-EA387F91B3A9}.Debug|ARM64.ActiveCfg = Debug|ARM64
		{C5E59773-98C0-4D1E-963B-EA387F91B3A9}.Debug|ARM64.Build.0 = Debug|ARM64
		{C5E59773-98C0-4D1E-963B-EA387F91B3A9}.Debug|ARM64.Deploy.0 = Debug|ARM64
		{C5E59773-98C0-4D1E-963B-EA387F91B3A9}.Debug|x64.ActiveCfg = Debug|x64
		{C5E59773-98C0-4D1E-963B-EA387F91B3A9}.Debug|x64.Build.0 = Debug|x64
		{C5E59773-98C0-4D1E-963B-EA387F91B3A9}.Debug|x64.Deploy.0 = Debug|x64
		{C5E59773-98C0-4D1E-963B-EA387F91B3A9}.Debug|x86.ActiveCfg = Debug|x86
		{C5E59773-98C0-4D1E-963B-EA387F91B3A9}.Debug|x86.Build.0 = Debug|x86
		{C5E59773-98C0-4D1E-963B-EA387F91B3A9}.Debug|x86.Deploy.0 = Debug|x86
		{C5E59773-98C0-4D1E-963B-EA387F91B3A9}.Release|ARM.ActiveCfg = Release|ARM
		{C5E59773-98C0-4D1E-963B-EA387F91B3A9}.Release|ARM.Build.0 = Release|ARM
		{C5E59773-98C0-4D1E-963B-EA387F91B3A9}.Release|ARM.Deploy.0 = Release|ARM
		{C5E59773-98C0-4D1E-963B-EA387F91B3A9}.Release|ARM64.ActiveCfg = Release|ARM64
		{C5E59773-98C0-4D1E-963B-EA387F91B3A9}.Release|ARM64.Build.0 = Release|ARM64
		{C5E59773-98C0-4D1E-963B-EA387F91B3A9}.Release|ARM64.Deploy.0 = Release|ARM64
		{C5E59773-98C0-4D1E-963B-EA387F91B3A9}.Release|x64.ActiveCfg = Release|x64
		{C5E59773-98C0-4D1E-963B-EA387F91B3A9}.Release|x64.Build.0 = Release|x64
		{C5E59773-98C0-4D1E-963B-EA387F91B3A9}.Release|x64.Deploy.0 = Release|x64
		{C5E59773-98C0-4D1E-963B-EA387F91B3A9}.Release|x86.ActiveCfg = Release|x86
		{C5E59773-98C0-4D1E-963B-EA387F91B3A9}.Release|x86.Build.0 = Release|x86
		{C5E59773-98C0-4D1E-963B-EA387F91B3A9}.Release|x86.Deploy.0 = Release|x86
		{896EFF76-9C1D-41C1-9E8A-CFD3BCBDD4EA}.Debug|ARM.ActiveCfg = Debug|ARM
		{896EFF76-9C1D-41C1-9E8A-CFD3BCBDD4EA}.Debug|ARM.Build.0 = Debug|ARM
		{896EFF76-9C1D-41C1-9E8A-CFD3BCBDD4EA}.Debug|ARM.Deploy.0 = Debug|ARM
		{896EFF76-9C1D-41C1-9E8A-CFD3BCBDD4EA}.Debug|ARM64.ActiveCfg = Debug|ARM64
		{896EFF76-9C1D-41C1-9E8A-CFD3BCBDD4EA}.Debug|ARM64.Build.0 = Debug|ARM64
		{896EFF76-9C1D-41C1-9E8A-CFD3BCBDD4EA}.Debug|ARM64.Deploy.0 = Debug|ARM64
		{896EFF76-9C1D-41C1-9E8A-CFD3BCBDD4EA}.Debug|x64.ActiveCfg = Debug|x64
		{896EFF76-9C1D-41C1-9E8A-CFD3BCBDD4EA}.Debug|x64.Build.0 = Debug|x64
		{896EFF76-9C1D-41C1-9E8A-CFD3BCBDD4EA}.Debug|x64.Deploy.0 = Debug|x64
		{896EFF76-9C1D-41C1-9E8A-CFD3BCBDD4EA}.Debug|x86.ActiveCfg = Debug|x86
		{896EFF76-9C1D-41C1-9E8A-CFD3BCBDD4EA}.Debug|x86.Build.0 = Debug|x86
		{896EFF76-9C1D-41C1-9E8A-CFD3BCBDD4EA}.Debug|x86.Deploy.0 = Debug|x86
		{896EFF76-9C1D-41C1-9E8A-CFD3BCBDD4EA}.Release|ARM.ActiveCfg = Release|ARM
		{896EFF76-9C1D-41C1-9E8A-CFD3BCBDD4EA}.Release|ARM.Build.0 = Release|ARM
		{896EFF76-9C1D-41C1-9E8A-CFD3BCBDD4EA}.Release|ARM.Deploy.0 = Release|ARM
		{896EFF76-9C1D-41C1-9E8A-CFD3BCBDD4EA}.Release|ARM64.ActiveCfg = Release|ARM64
		{896EFF76-9C1D-41C1-9E8A-CFD3BCBDD4EA}.Release|ARM64.Build.0 = Release|ARM64
		{896EFF76-9C1D-41C1-9E8A-CFD3BCBDD4EA}.Release|ARM64.Deploy.0 = Release|ARM64
		{896EFF76-9C1D-41C1-9E8A-CFD3BCBDD4EA}.Release|x64.ActiveCfg = Release|x64
		{896EFF76-9C1D-41C1-9E8A-CFD3BCBDD4EA}.Release|x64.Build.0 = Release|x64
		{896EFF76-9C1D-41C1-9E8A-CFD3BCBDD4EA}.Release|x64.Deploy.0 = Release|x64
		{896EFF76-9C1D-41C1-9E8A-CFD3BCBDD4EA}.Release|x86.ActiveCfg = Release|x86
		{896EFF76-9C1D-41C1-9E8A-CFD3BCBDD4EA}.Release|x86.Build.0 = Release|x86
		{896EFF76-9C1D-41C1-9E8A-CFD3BCBDD4EA}.Release|x86.Deploy.0 = Release|x86
		{70E50589-42F5-45DE-BEEB-E35C9DB21710}.Debug|ARM.ActiveCfg = Debug|ARM
		{70E50589-42F5-45DE-BEEB-E35C9DB21710}.Debug|ARM.Build.0 = Debug|ARM
		{70E50589-42F5-45DE-BEEB-E35C9DB21710}.Debug|ARM.Deploy.0 = Debug|ARM
		{70E50589-42F5-45DE-BEEB-E35C9DB21710}.Debug|ARM64.ActiveCfg = Debug|ARM64
		{70E50589-42F5-45DE-BEEB-E35C9DB21710}.Debug|ARM64.Build.0 = Debug|ARM64
		{70E50589-42F5-45DE-BEEB-E35C9DB21710}.Debug|ARM64.Deploy.0 = Debug|ARM64
		{70E50589-42F5-45DE-BEEB-E35C9DB21710}.Debug|x64.ActiveCfg = Debug|x64
		{70E50589-42F5-45DE-BEEB-E35C9DB21710}.Debug|x64.Build.0 = Debug|x64
		{70E50589-42F5-45DE-BEEB-E35C9DB21710}.Debug|x64.Deploy.0 = Debug|x64
		{70E50589-42F5-45DE-BEEB-E35C9DB21710}.Debug|x86.ActiveCfg = Debug|x86
		{70E50589-42F5-45DE-BEEB-E35C9DB21710}.Debug|x86.Build.0 = Debug|x86
		{70E50589-42F5-45DE-BEEB-E35C9DB21710}.Debug|x86.Deploy.0 = Debug|x86
		{70E50589-42F5-45DE-BEEB-E35C9DB21710}.Release|ARM.ActiveCfg = Release|ARM
		{70E50589-42F5-45DE-BEEB-E35C9DB21710}.Release|ARM.Build.0 = Release|ARM
		{70E50589-42F5-45DE-BEEB-E35C9DB21710}.Release|ARM.Deploy.0 = Release|ARM
		{70E50589-42F5-45DE-BEEB-E35C9DB21710}.Release|ARM64.ActiveCfg = Release|ARM64
		{70E50589-42F5-45DE-BEEB-E35C9DB21710}.Release|ARM64.Build.0 = Release|ARM64
		{70E50589-42F5-45DE-BEEB-E35C9DB21710}.Release|ARM64.Deploy.0 = Release|ARM64
		{70E50589-42F5-45DE-BEEB-E35C9DB21710}.Release|x64.ActiveCfg = Release|x64
		{70E50589-42F5-45DE-BEEB-E35C9DB21710}.Release|x64.Build.0 = Release|x64
		{70E50589-42F5-45DE-BEEB-E35C9DB21710}.Release|x64.Deploy.0 = Release|x64
		{70E50589-42F5-45DE-BEEB-E35C9DB21710}.Release|x86.ActiveCfg = Release|x86
		{70E50589-42F5-45DE-BEEB-E35C9DB21710}.Release|x86.Build.0 = Release|x86
		{70E50589-42F5-45DE-BEEB-E35C9DB21710}.Release|x86.Deploy.0 = Release|x86
		{5E6399AC-610F-42E1-B604-2006F2695091}.Debug|ARM.ActiveCfg = Debug|ARM
		{5E6399AC-610F-42E1-B604-2006F2695091}.Debug|ARM.Build.0 = Debug|ARM
		{5E6399AC-610F-42E1-B604-2006F2695091}.Debug|ARM.Deploy.0 = Debug|ARM
		{5E6399AC-610F-42E1-B604-2006F2695091}.Debug|ARM64.ActiveCfg = Debug|ARM64
		{5E6399AC-610F-42E1-B604-2006F2695091}.Debug|ARM64.Build.0 = Debug|ARM64
		{5E6399AC-610F-42E1-B604-2006F2695091}.Debug|ARM64.Deploy.0 = Debug|ARM64
		{5E6399AC-610F-42E1-B604-2006F2695091}.Debug|x64.ActiveCfg = Debug|x64
		{5E6399AC-610F-42E1-B604-2006F2695091}.Debug|x64.Build.0 = Debug|x64
		{5E6399AC-610F-42E1-B604-2006F2695091}.Debug|x64.Deploy.0 = Debug|x64
		{5E6399AC-610F-42E1-B604-2006F2695091}.Debug|x86.ActiveCfg = Debug|x86
		{5E6399AC-610F-42E1-B604-2006F2695091}.Debug|x86.Build.0 = Debug|x86
		{5E6399AC-610F-42E1-B604-2006F2695091}.Debug|x86.Deploy.0 = Debug|x86
		{5E6399AC-610F-42E1-B604-2006F2695091}.Release|ARM.ActiveCfg = Release|ARM
		{5E6399AC-610F-42E1-B604-2006F2695091}.Release|ARM.Build.0 = Release|ARM
		{5E6399AC-610F-42E1-B604-2006F2695091}.Release|ARM.Deploy.0 = Release|ARM
		{5E6399AC-610F-42E1-B604-2006F2695091}.Release|ARM64.ActiveCfg = Release|ARM64
		{5E6399AC-610F-42E1-B604-2006F2695091}.Release|ARM64.Build.0 = Release|ARM64
		{5E6399AC-610F-42E1-B604-2006F2695091}.Release|ARM64.Deploy.0 = Release|ARM64
		{5E6399AC-610F-42E1-B604-2006F2695091}.Release|x64.ActiveCfg = Release|x64
		{5E6399AC-610F-42E1-B604-2006F2695091}.Release|x64.Build.0 = Release|x64
		{5E6399AC-610F-42E1-B604-2006F2695091}.Release|x64.Deploy.0 = Release|x64
		{5E6399AC-610F-42E1-B604-2006F2695091}.Release|x86.ActiveCfg = Release|x86
		{5E6399AC-610F-42E1-B604-2006F2695091}.Release|x86.Build.0 = Release|x86
		{5E6399AC-610F-42E1-B604-2006F2695091}.Release|x86.Deploy.0 = Release|x86
		{28AC37C0-F75C-4ED8-B834-838A1C1C6C9A}.Debug|ARM.ActiveCfg = Debug|ARM
		{28AC37C0-F75C-4ED8-B834-838A1C1C6C9A}.Debug|ARM.Build.0 = Debug|ARM
		{28AC37C0-F75C-4ED8-B834-838A1C1C6C9A}.Debug|ARM.Deploy.0 = Debug|ARM
		{28AC37C0-F75C-4ED8-B834-838A1C1C6C9A}.Debug|ARM64.ActiveCfg = Debug|ARM64
		{28AC37C0-F75C-4ED8-B834-838A1C1C6C9A}.Debug|ARM64.Build.0 = Debug|ARM64
		{28AC37C0-F75C-4ED8-B834-838A1C1C6C9A}.Debug|ARM64.Deploy.0 = Debug|ARM64
		{28AC37C0-F75C-4ED8-B834-838A1C1C6C9A}.Debug|x64.ActiveCfg = Debug|x64
		{28AC37C0-F75C-4ED8-B834-838A1C1C6C9A}.Debug|x64.Build.0 = Debug|x64
		{28AC37C0-F75C-4ED8-B834-838A1C1C6C9A}.Debug|x64.Deploy.0 = Debug|x64
		{28AC37C0-F75C-4ED8-B834-838A1C1C6C9A}.Debug|x86.ActiveCfg = Debug|x86
		{28AC37C0-F75C-4ED8-B834-838A1C1C6C9A}.Debug|x86.Build.0 = Debug|x86
		{28AC37C0-F75C-4ED8-B834-838A1C1C6C9A}.Debug|x86.Deploy.0 = Debug|x86
		{28AC37C0-F75C-4ED8-B834-838A1C1C6C9A}.Release|ARM.ActiveCfg = Release|ARM
		{28AC37C0-F75C-4ED8-B834-838A1C1C6C9A}.Release|ARM.Build.0 = Release|ARM
		{28AC37C0-F75C-4ED8-B834-838A1C1C6C9A}.Release|ARM.Deploy.0 = Release|ARM
		{28AC37C0-F75C-4ED8-B834-838A1C1C6C9A}.Release|ARM64.ActiveCfg = Release|ARM64
		{28AC37C0-F75C-4ED8-B834-838A1C1C6C9A}.Release|ARM64.Build.0 = Release|ARM64
		{28AC37C0-F75C-4ED8-B834-838A1C1C6C9A}.Release|ARM64.Deploy.0 = Release|ARM64
		{28AC37C0-F75C-4ED8-B834-838A1C1C6C9A}.Release|x64.ActiveCfg = Release|x64
		{28AC37C0-F75C-4ED8-B834-838A1C1C6C9A}.Release|x64.Build.0 = Release|x64
		{28AC37C0-F75C-4ED8-B834-838A1C1C6C9A}.Release|x64.Deploy.0 = Release|x64
		{28AC37C0-F75C-4ED8-B834-838A1C1C6C9A}.Release|x86.ActiveCfg = Release|x86
		{28AC37C0-F75C-4ED8-B834-838A1C1C6C9A}.Release|x86.Build.0 = Release|x86
		{28AC37C0-F75C-4ED8-B834-838A1C1C6C9A}.Release|x86.Deploy.0 = Release|x86
		{F79C32CD-369F-461B-9AEE-E430EE199C2B}.Debug|ARM.ActiveCfg = Debug|ARM
		{F79C32CD-369F-461B-9AEE-E430EE199C2B}.Debug|ARM.Build.0 = Debug|ARM
		{F79C32CD-369F-461B-9AEE-E430EE199C2B}.Debug|ARM.Deploy.0 = Debug|ARM
		{F79C32CD-369F-461B-9AEE-E430EE199C2B}.Debug|ARM64.ActiveCfg = Debug|ARM64
		{F79C32CD-369F-461B-9AEE-E430EE199C2B}.Debug|ARM64.Build.0 = Debug|ARM64
		{F79C32CD-369F-461B-9AEE-E430EE199C2B}.Debug|ARM64.Deploy.0 = Debug|ARM64
		{F79C32CD-369F-461B-9AEE-E430EE199C2B}.Debug|x64.ActiveCfg = Debug|x64
		{F79C32CD-369F-461B-9AEE-E430EE199C2B}.Debug|x64.Build.0 = Debug|x64
		{F79C32CD-369F-461B-9AEE-E430EE199C2B}.Debug|x64.Deploy.0 = Debug|x64
		{F79C32CD-369F-461B-9AEE-E430EE199C2B}.Debug|x86.ActiveCfg = Debug|x86
		{F79C32CD-369F-461B-9AEE-E430EE199C2B}.Debug|x86.Build.0 = Debug|x86
		{F79C32CD-369F-461B-9AEE-E430EE199C2B}.Debug|x86.Deploy.0 = Debug|x86
		{F79C32CD-369F-461B-9AEE-E430EE199C2B}.Release|ARM.ActiveCfg = Release|ARM
		{F79C32CD-369F-461B-9AEE-E430EE199C2B}.Release|ARM.Build.0 = Release|ARM
		{F79C32CD-369F-461B-9AEE-E430EE199C2B}.Release|ARM.Deploy.0 = Release|ARM
		{F79C32CD-369F-461B-9AEE-E430EE199C2B}.Release|ARM64.ActiveCfg = Release|ARM64
		{F79C32CD-369F-461B-9AEE-E430EE199C2B}.Release|ARM64.Build.0 = Release|ARM64
		{F79C32CD-369F-461B-9AEE-E430EE199C2B}.Release|ARM64.Deploy.0 = Release|ARM64
		{F79C32CD-369F-461B-9AEE-E430EE199C2B}.Release|x64.ActiveCfg = Release|x64
		{F79C32CD-369F-461B-9AEE-E430EE199C2B}.Release|x64.Build.0 = Release|x64
		{F79C32CD-369F-461B-9AEE-E430EE199C2B}.Release|x64.Deploy.0 = Release|x64
		{F79C32CD-369F-461B-9AEE-E430EE199C2B}.Release|x86.ActiveCfg = Release|x86
		{F79C32CD-369F-461B-9AEE-E430EE199C2B}.Release|x86.Build.0 = Release|x86
		{F79C32CD-369F-461B-9AEE-E430EE199C2B}.Release|x86.Deploy.0 = Release|x86
		{CBCABB9A-1150-455E-A9A5-A9450E576A9B}.Debug|ARM.ActiveCfg = Debug|ARM
		{CBCABB9A-1150-455E-A9A5-A9450E576A9B}.Debug|ARM.Build.0 = Debug|ARM
		{CBCABB9A-1150-455E-A9A5-A9450E576A9B}.Debug|ARM.Deploy.0 = Debug|ARM
		{CBCABB9A-1150-455E-A9A5-A9450E576A9B}.Debug|ARM64.ActiveCfg = Debug|ARM64
		{CBCABB9A-1150-455E-A9A5-A9450E576A9B}.Debug|ARM64.Build.0 = Debug|ARM64
		{CBCABB9A-1150-455E-A9A5-A9450E576A9B}.Debug|ARM64.Deploy.0 = Debug|ARM64
		{CBCABB9A-1150-455E-A9A5-A9450E576A9B}.Debug|x64.ActiveCfg = Debug|x64
		{CBCABB9A-1150-455E-A9A5-A9450E576A9B}.Debug|x64.Build.0 = Debug|x64
		{CBCABB9A-1150-455E-A9A5-A9450E576A9B}.Debug|x64.Deploy.0 = Debug|x64
		{CBCABB9A-1150-455E-A9A5-A9450E576A9B}.Debug|x86.ActiveCfg = Debug|x86
		{CBCABB9A-1150-455E-A9A5-A9450E576A9B}.Debug|x86.Build.0 = Debug|x86
		{CBCABB9A-1150-455E-A9A5-A9450E576A9B}.Debug|x86.Deploy.0 = Debug|x86
		{CBCABB9A-1150-455E-A9A5-A9450E576A9B}.Release|ARM.ActiveCfg = Release|ARM
		{CBCABB9A-1150-455E-A9A5-A9450E576A9B}.Release|ARM.Build.0 = Release|ARM
		{CBCABB9A-1150-455E-A9A5-A9450E576A9B}.Release|ARM.Deploy.0 = Release|ARM
		{CBCABB9A-1150-455E-A9A5-A9450E576A9B}.Release|ARM64.ActiveCfg = Release|ARM64
		{CBCABB9A-1150-455E-A9A5-A9450E576A9B}.Release|ARM64.Build.0 = Release|ARM64
		{CBCABB9A-1150-455E-A9A5-A9450E576A9B}.Release|ARM64.Deploy.0 = Release|ARM64
		{CBCABB9A-1150-455E-A9A5-A9450E576A9B}.Release|x64.ActiveCfg = Release|x64
		{CBCABB9A-1150-455E-A9A5-A9450E576A9B}.Release|x64.Build.0 = Release|x64
		{CBCABB9A-1150-455E-A9A5-A9450E576A9B}.Release|x64.Deploy.0 = Release|x64
		{CBCABB9A-1150-455E-A9A5-A9450E576A9B}.Release|x86.ActiveCfg = Release|x86
		{CBCABB9A-1150-455E-A9A5-A9450E576A9B}.Release|x86.Build.0 = Release|x86
		{CBCABB9A-1150-455E-A9A5-A9450E576A9B}.Release|x86.Deploy.0 = Release|x86
		{A2AB5E73-2DD0-4800-A8D3-859586C9FFA6}.Debug|ARM.ActiveCfg = Debug|ARM
		{A2AB5E73-2DD0-4800-A8D3-859586C9FFA6}.Debug|ARM.Build.0 = Debug|ARM
		{A2AB5E73-2DD0-4800-A8D3-859586C9FFA6}.Debug|ARM.Deploy.0 = Debug|ARM
		{A2AB5E73-2DD0-4800-A8D3-859586C9FFA6}.Debug|ARM64.ActiveCfg = Debug|ARM64
		{A2AB5E73-2DD0-4800-A8D3-859586C9FFA6}.Debug|ARM64.Build.0 = Debug|ARM64
		{A2AB5E73-2DD0-4800-A8D3-859586C9FFA6}.Debug|ARM64.Deploy.0 = Debug|ARM64
		{A2AB5E73-2DD0-4800-A8D3-859586C9FFA6}.Debug|x64.ActiveCfg = Debug|x64
		{A2AB5E73-2DD0-4800-A8D3-859586C9FFA6}.Debug|x64.Build.0 = Debug|x64
		{A2AB5E73-2DD0-4800-A8D3-859586C9FFA6}.Debug|x64.Deploy.0 = Debug|x64
		{A2AB5E73-2DD0-4800-A8D3-859586C9FFA6}.Debug|x86.ActiveCfg = Debug|x86
		{A2AB5E73-2DD0-4800-A8D3-859586C9FFA6}.Debug|x86.Build.0 = Debug|x86
		{A2AB5E73-2DD0-4800-A8D3-859586C9FFA6}.Debug|x86.Deploy.0 = Debug|x86
		{A2AB5E73-2DD0-4800-A8D3-859586C9FFA6}.Release|ARM.ActiveCfg = Release|ARM
		{A2AB5E73-2DD0-4800-A8D3-859586C9FFA6}.Release|ARM.Build.0 = Release|ARM
		{A2AB5E73-2DD0-4800-A8D3-859586C9FFA6}.Release|ARM.Deploy.0 = Release|ARM
		{A2AB5E73-2DD0-4800-A8D3-859586C9FFA6}.Release|ARM64.ActiveCfg = Release|ARM64
		{A2AB5E73-2DD0-4800-A8D3-859586C9FFA6}.Release|ARM64.Build.0 = Release|ARM64
		{A2AB5E73-2DD0-4800-A8D3-859586C9FFA6}.Release|ARM64.Deploy.0 = Release|ARM64
		{A2AB5E73-2DD0-4800-A8D3-859586C9FFA6}.Release|x64.ActiveCfg = Release|x64
		{A2AB5E73-2DD0-4800-A8D3-859586C9FFA6}.Release|x64.Build.0 = Release|x64
		{A2AB5E73-2DD0-4800-A8D3-859586C9FFA6}.Release|x64.Deploy.0 = Release|x64
		{A2AB5E73-2DD0-4800-A8D3-859586C9FFA6}.Release|x86.ActiveCfg = Release|x86
		{A2AB5E73-2DD0-4800-A8D3-859586C9FFA6}.Release|x86.Build.0 = Release|x86
		{A2AB5E73-2DD0-4800-A8D3-859586C9FFA6}.Release|x86.Deploy.0 = Release|x86
		{458F2257-6D11-440E-98AB-3B10EC9CF680}.Debug|ARM.ActiveCfg = Debug|ARM
		{458F2257-6D11-440E-98AB-3B10EC9CF680}.Debug|ARM.Build.0 = Debug|ARM
		{458F2257-6D11-440E-98AB-3B10EC9CF680}.Debug|ARM.Deploy.0 = Debug|ARM
		{458F2257-6D11-440E-98AB-3B10EC9CF680}.Debug|ARM64.ActiveCfg = Debug|ARM64
		{458F2257-6D11-440E-98AB-3B10EC9CF680}.Debug|ARM64.Build.0 = Debug|ARM64
		{458F2257-6D11-440E-98AB-3B10EC9CF680}.Debug|ARM64.Deploy.0 = Debug|ARM64
		{458F2257-6D11-440E-98AB-3B10EC9CF680}.Debug|x64.ActiveCfg = Debug|x64
		{458F2257-6D11-440E-98AB-3B10EC9CF680}.Debug|x64.Build.0 = Debug|x64
		{458F2257-6D11-440E-98AB-3B10EC9CF680}.Debug|x64.Deploy.0 = Debug|x64
		{458F2257-6D11-440E-98AB-3B10EC9CF680}.Debug|x86.ActiveCfg = Debug|x86
		{458F2257-6D11-440E-98AB-3B10EC9CF680}.Debug|x86.Build.0 = Debug|x86
		{458F2257-6D11-440E-98AB-3B10EC9CF680}.Debug|x86.Deploy.0 = Debug|x86
		{458F2257-6D11-440E-98AB-3B10EC9CF680}.Release|ARM.ActiveCfg = Release|ARM
		{458F2257-6D11-440E-98AB-3B10EC9CF680}.Release|ARM.Build.0 = Release|ARM
		{458F2257-6D11-440E-98AB-3B10EC9CF680}.Release|ARM.Deploy.0 = Release|ARM
		{458F2257-6D11-440E-98AB-3B10EC9CF680}.Release|ARM64.ActiveCfg = Release|ARM64
		{458F2257-6D11-440E-98AB-3B10EC9CF680}.Release|ARM64.Build.0 = Release|ARM64
		{458F2257-6D11-440E-98AB-3B10EC9CF680}.Release|ARM64.Deploy.0 = Release|ARM64
		{458F2257-6D11-440E-98AB-3B10EC9CF680}.Release|x64.ActiveCfg = Release|x64
		{458F2257-6D11-440E-98AB-3B10EC9CF680}.Release|x64.Build.0 = Release|x64
		{458F2257-6D11-440E-98AB-3B10EC9CF680}.Release|x64.Deploy.0 = Release|x64
		{458F2257-6D11-440E-98AB-3B10EC9CF680}.Release|x86.ActiveCfg = Release|x86
		{458F2257-6D11-440E-98AB-3B10EC9CF680}.Release|x86.Build.0 = Release|x86
		{458F2257-6D11-440E-98AB-3B10EC9CF680}.Release|x86.Deploy.0 = Release|x86
		{8999A692-1FF0-429D-ADBD-609BE4B82EDA}.Debug|ARM.ActiveCfg = Debug|ARM
		{8999A692-1FF0-429D-ADBD-609BE4B82EDA}.Debug|ARM.Build.0 = Debug|ARM
		{8999A692-1FF0-429D-ADBD-609BE4B82EDA}.Debug|ARM.Deploy.0 = Debug|ARM
		{8999A692-1FF0-429D-ADBD-609BE4B82EDA}.Debug|ARM64.ActiveCfg = Debug|ARM64
		{8999A692-1FF0-429D-ADBD-609BE4B82EDA}.Debug|ARM64.Build.0 = Debug|ARM64
		{8999A692-1FF0-429D-ADBD-609BE4B82EDA}.Debug|ARM64.Deploy.0 = Debug|ARM64
		{8999A692-1FF0-429D-ADBD-609BE4B82EDA}.Debug|x64.ActiveCfg = Debug|x64
		{8999A692-1FF0-429D-ADBD-609BE4B82EDA}.Debug|x64.Build.0 = Debug|x64
		{8999A692-1FF0-429D-ADBD-609BE4B82EDA}.Debug|x64.Deploy.0 = Debug|x64
		{8999A692-1FF0-429D-ADBD-609BE4B82EDA}.Debug|x86.ActiveCfg = Debug|x86
		{8999A692-1FF0-429D-ADBD-609BE4B82EDA}.Debug|x86.Build.0 = Debug|x86
		{8999A692-1FF0-429D-ADBD-609BE4B82EDA}.Debug|x86.Deploy.0 = Debug|x86
		{8999A692-1FF0-429D-ADBD-609BE4B82EDA}.Release|ARM.ActiveCfg = Release|ARM
		{8999A692-1FF0-429D-ADBD-609BE4B82EDA}.Release|ARM.Build.0 = Release|ARM
		{8999A692-1FF0-429D-ADBD-609BE4B82EDA}.Release|ARM.Deploy.0 = Release|ARM
		{8999A692-1FF0-429D-ADBD-609BE4B82EDA}.Release|ARM64.ActiveCfg = Release|ARM64
		{8999A692-1FF0-429D-ADBD-609BE4B82EDA}.Release|ARM64.Build.0 = Release|ARM64
		{8999A692-1FF0-429D-ADBD-609BE4B82EDA}.Release|ARM64.Deploy.0 = Release|ARM64
		{8999A692-1FF0-429D-ADBD-609BE4B82EDA}.Release|x64.ActiveCfg = Release|x64
		{8999A692-1FF0-429D-ADBD-609BE4B82EDA}.Release|x64.Build.0 = Release|x64
		{8999A692-1FF0-429D-ADBD-609BE4B82EDA}.Release|x64.Deploy.0 = Release|x64
		{8999A692-1FF0-429D-ADBD-609BE4B82EDA}.Release|x86.ActiveCfg = Release|x86
		{8999A692-1FF0-429D-ADBD-609BE4B82EDA}.Release|x86.Build.0 = Release|x86
		{8999A692-1FF0-429D-ADBD-609BE4B82EDA}.Release|x86.Deploy.0 = Release|x86
		{CF1E2E55-D94F-40F4-B2C3-BD145170A5AF}.Debug|ARM.ActiveCfg = Debug|ARM
		{CF1E2E55-D94F-40F4-B2C3-BD145170A5AF}.Debug|ARM.Build.0 = Debug|ARM
		{CF1E2E55-D94F-40F4-B2C3-BD145170A5AF}.Debug|ARM.Deploy.0 = Debug|ARM
		{CF1E2E55-D94F-40F4-B2C3-BD145170A5AF}.Debug|ARM64.ActiveCfg = Debug|ARM64
		{CF1E2E55-D94F-40F4-B2C3-BD145170A5AF}.Debug|ARM64.Build.0 = Debug|ARM64
		{CF1E2E55-D94F-40F4-B2C3-BD145170A5AF}.Debug|ARM64.Deploy.0 = Debug|ARM64
		{CF1E2E55-D94F-40F4-B2C3-BD145170A5AF}.Debug|x64.ActiveCfg = Debug|x64
		{CF1E2E55-D94F-40F4-B2C3-BD145170A5AF}.Debug|x64.Build.0 = Debug|x64
		{CF1E2E55-D94F-40F4-B2C3-BD145170A5AF}.Debug|x64.Deploy.0 = Debug|x64
		{CF1E2E55-D94F-40F4-B2C3-BD145170A5AF}.Debug|x86.ActiveCfg = Debug|x86
		{CF1E2E55-D94F-40F4-B2C3-BD145170A5AF}.Debug|x86.Build.0 = Debug|x86
		{CF1E2E55-D94F-40F4-B2C3-BD145170A5AF}.Debug|x86.Deploy.0 = Debug|x86
		{CF1E2E55-D94F-40F4-B2C3-BD145170A5AF}.Release|ARM.ActiveCfg = Release|ARM
		{CF1E2E55-D94F-40F4-B2C3-BD145170A5AF}.Release|ARM.Build.0 = Release|ARM
		{CF1E2E55-D94F-40F4-B2C3-BD145170A5AF}.Release|ARM.Deploy.0 = Release|ARM
		{CF1E2E55-D94F-40F4-B2C3-BD145170A5AF}.Release|ARM64.ActiveCfg = Release|ARM64
		{CF1E2E55-D94F-40F4-B2C3-BD145170A5AF}.Release|ARM64.Build.0 = Release|ARM64
		{CF1E2E55-D94F-40F4-B2C3-BD145170A5AF}.Release|ARM64.Deploy.0 = Release|ARM64
		{CF1E2E55-D94F-40F4-B2C3-BD145170A5AF}.Release|x64.ActiveCfg = Release|x64
		{CF1E2E55-D94F-40F4-B2C3-BD145170A5AF}.Release|x64.Build.0 = Release|x64
		{CF1E2E55-D94F-40F4-B2C3-BD145170A5AF}.Release|x64.Deploy.0 = Release|x64
		{CF1E2E55-D94F-40F4-B2C3-BD145170A5AF}.Release|x86.ActiveCfg = Release|x86
		{CF1E2E55-D94F-40F4-B2C3-BD145170A5AF}.Release|x86.Build.0 = Release|x86
		{CF1E2E55-D94F-40F4-B2C3-BD145170A5AF}.Release|x86.Deploy.0 = Release|x86
		{07A2C6B2-9321-4525-8999-9B05D93F78D2}.Debug|ARM.ActiveCfg = Debug|ARM
		{07A2C6B2-9321-4525-8999-9B05D93F78D2}.Debug|ARM.Build.0 = Debug|ARM
		{07A2C6B2-9321-4525-8999-9B05D93F78D2}.Debug|ARM.Deploy.0 = Debug|ARM
		{07A2C6B2-9321-4525-8999-9B05D93F78D2}.Debug|ARM64.ActiveCfg = Debug|ARM64
		{07A2C6B2-9321-4525-8999-9B05D93F78D2}.Debug|ARM64.Build.0 = Debug|ARM64
		{07A2C6B2-9321-4525-8999-9B05D93F78D2}.Debug|ARM64.Deploy.0 = Debug|ARM64
		{07A2C6B2-9321-4525-8999-9B05D93F78D2}.Debug|x64.ActiveCfg = Debug|x64
		{07A2C6B2-9321-4525-8999-9B05D93F78D2}.Debug|x64.Build.0 = Debug|x64
		{07A2C6B2-9321-4525-8999-9B05D93F78D2}.Debug|x64.Deploy.0 = Debug|x64
		{07A2C6B2-9321-4525-8999-9B05D93F78D2}.Debug|x86.ActiveCfg = Debug|x86
		{07A2C6B2-9321-4525-8999-9B05D93F78D2}.Debug|x86.Build.0 = Debug|x86
		{07A2C6B2-9321-4525-8999-9B05D93F78D2}.Debug|x86.Deploy.0 = Debug|x86
		{07A2C6B2-9321-4525-8999-9B05D93F78D2}.Release|ARM.ActiveCfg = Release|ARM
		{07A2C6B2-9321-4525-8999-9B05D93F78D2}.Release|ARM.Build.0 = Release|ARM
		{07A2C6B2-9321-4525-8999-9B05D93F78D2}.Release|ARM.Deploy.0 = Release|ARM
		{07A2C6B2-9321-4525-8999-9B05D93F78D2}.Release|ARM64.ActiveCfg = Release|ARM64
		{07A2C6B2-9321-4525-8999-9B05D93F78D2}.Release|ARM64.Build.0 = Release|ARM64
		{07A2C6B2-9321-4525-8999-9B05D93F78D2}.Release|ARM64.Deploy.0 = Release|ARM64
		{07A2C6B2-9321-4525-8999-9B05D93F78D2}.Release|x64.ActiveCfg = Release|x64
		{07A2C6B2-9321-4525-8999-9B05D93F78D2}.Release|x64.Build.0 = Release|x64
		{07A2C6B2-9321-4525-8999-9B05D93F78D2}.Release|x64.Deploy.0 = Release|x64
		{07A2C6B2-9321-4525-8999-9B05D93F78D2}.Release|x86.ActiveCfg = Release|x86
		{07A2C6B2-9321-4525-8999-9B05D93F78D2}.Release|x86.Build.0 = Release|x86
		{07A2C6B2-9321-4525-8999-9B05D93F78D2}.Release|x86.Deploy.0 = Release|x86
		{6FD01462-02C9-4E1B-8793-62C385409CD7}.Debug|ARM.ActiveCfg = Debug|ARM
		{6FD01462-02C9-4E1B-8793-62C385409CD7}.Debug|ARM.Build.0 = Debug|ARM
		{6FD01462-02C9-4E1B-8793-62C385409CD7}.Debug|ARM.Deploy.0 = Debug|ARM
		{6FD01462-02C9-4E1B-8793-62C385409CD7}.Debug|ARM64.ActiveCfg = Debug|ARM64
		{6FD01462-02C9-4E1B-8793-62C385409CD7}.Debug|ARM64.Build.0 = Debug|ARM64
		{6FD01462-02C9-4E1B-8793-62C385409CD7}.Debug|ARM64.Deploy.0 = Debug|ARM64
		{6FD01462-02C9-4E1B-8793-62C385409CD7}.Debug|x64.ActiveCfg = Debug|x64
		{6FD01462-02C9-4E1B-8793-62C385409CD7}.Debug|x64.Build.0 = Debug|x64
		{6FD01462-02C9-4E1B-8793-62C385409CD7}.Debug|x64.Deploy.0 = Debug|x64
		{6FD01462-02C9-4E1B-8793-62C385409CD7}.Debug|x86.ActiveCfg = Debug|x86
		{6FD01462-02C9-4E1B-8793-62C385409CD7}.Debug|x86.Build.0 = Debug|x86
		{6FD01462-02C9-4E1B-8793-62C385409CD7}.Debug|x86.Deploy.0 = Debug|x86
		{6FD01462-02C9-4E1B-8793-62C385409CD7}.Release|ARM.ActiveCfg = Release|ARM
		{6FD01462-02C9-4E1B-8793-62C385409CD7}.Release|ARM.Build.0 = Release|ARM
		{6FD01462-02C9-4E1B-8793-62C385409CD7}.Release|ARM.Deploy.0 = Release|ARM
		{6FD01462-02C9-4E1B-8793-62C385409CD7}.Release|ARM64.ActiveCfg = Release|ARM64
		{6FD01462-02C9-4E1B-8793-62C385409CD7}.Release|ARM64.Build.0 = Release|ARM64
		{6FD01462-02C9-4E1B-8793-62C385409CD7}.Release|ARM64.Deploy.0 = Release|ARM64
		{6FD01462-02C9-4E1B-8793-62C385409CD7}.Release|x64.ActiveCfg = Release|x64
		{6FD01462-02C9-4E1B-8793-62C385409CD7}.Release|x64.Build.0 = Release|x64
		{6FD01462-02C9-4E1B-8793-62C385409CD7}.Release|x64.Deploy.0 = Release|x64
		{6FD01462-02C9-4E1B-8793-62C385409CD7}.Release|x86.ActiveCfg = Release|x86
		{6FD01462-02C9-4E1B-8793-62C385409CD7}.Release|x86.Build.0 = Release|x86
		{6FD01462-02C9-4E1B-8793-62C385409CD7}.Release|x86.Deploy.0 = Release|x86
		{98D43568-1CB7-4AB5-8B93-EB00F842D4FF}.Debug|ARM.ActiveCfg = Debug|ARM
		{98D43568-1CB7-4AB5-8B93-EB00F842D4FF}.Debug|ARM.Build.0 = Debug|ARM
		{98D43568-1CB7-4AB5-8B93-EB00F842D4FF}.Debug|ARM.Deploy.0 = Debug|ARM
		{98D43568-1CB7-4AB5-8B93-EB00F842D4FF}.Debug|ARM64.ActiveCfg = Debug|ARM64
		{98D43568-1CB7-4AB5-8B93-EB00F842D4FF}.Debug|ARM64.Build.0 = Debug|ARM64
		{98D43568-1CB7-4AB5-8B93-EB00F842D4FF}.Debug|ARM64.Deploy.0 = Debug|ARM64
		{98D43568-1CB7-4AB5-8B93-EB00F842D4FF}.Debug|x64.ActiveCfg = Debug|x64
		{98D43568-1CB7-4AB5-8B93-EB00F842D4FF}.Debug|x64.Build.0 = Debug|x64
		{98D43568-1CB7-4AB5-8B93-EB00F842D4FF}.Debug|x64.Deploy.0 = Debug|x64
		{98D43568-1CB7-4AB5-8B93-EB00F842D4FF}.Debug|x86.ActiveCfg = Debug|x86
		{98D43568-1CB7-4AB5-8B93-EB00F842D4FF}.Debug|x86.Build.0 = Debug|x86
		{98D43568-1CB7-4AB5-8B93-EB00F842D4FF}.Debug|x86.Deploy.0 = Debug|x86
		{98D43568-1CB7-4AB5-8B93-EB00F842D4FF}.Release|ARM.ActiveCfg = Release|ARM
		{98D43568-1CB7-4AB5-8B93-EB00F842D4FF}.Release|ARM.Build.0 = Release|ARM
		{98D43568-1CB7-4AB5-8B93-EB00F842D4FF}.Release|ARM.Deploy.0 = Release|ARM
		{98D43568-1CB7-4AB5-8B93-EB00F842D4FF}.Release|ARM64.ActiveCfg = Release|ARM64
		{98D43568-1CB7-4AB5-8B93-EB00F842D4FF}.Release|ARM64.Build.0 = Release|ARM64
		{98D43568-1CB7-4AB5-8B93-EB00F842D4FF}.Release|ARM64.Deploy.0 = Release|ARM64
		{98D43568-1CB7-4AB5-8B93-EB00F842D4FF}.Release|x64.ActiveCfg = Release|x64
		{98D43568-1CB7-4AB5-8B93-EB00F842D4FF}.Release|x64.Build.0 = Release|x64
		{98D43568-1CB7-4AB5-8B93-EB00F842D4FF}.Release|x64.Deploy.0 = Release|x64
		{98D43568-1CB7-4AB5-8B93-EB00F842D4FF}.Release|x86.ActiveCfg = Release|x86
		{98D43568-1CB7-4AB5-8B93-EB00F842D4FF}.Release|x86.Build.0 = Release|x86
		{98D43568-1CB7-4AB5-8B93-EB00F842D4FF}.Release|x86.Deploy.0 = Release|x86
		{A70F238A-F1DD-40CF-B312-1855B3164449}.Debug|ARM.ActiveCfg = Debug|ARM
		{A70F238A-F1DD-40CF-B312-1855B3164449}.Debug|ARM.Build.0 = Debug|ARM
		{A70F238A-F1DD-40CF-B312-1855B3164449}.Debug|ARM.Deploy.0 = Debug|ARM
		{A70F238A-F1DD-40CF-B312-1855B3164449}.Debug|ARM64.ActiveCfg = Debug|ARM64
		{A70F238A-F1DD-40CF-B312-1855B3164449}.Debug|ARM64.Build.0 = Debug|ARM64
		{A70F238A-F1DD-40CF-B312-1855B3164449}.Debug|ARM64.Deploy.0 = Debug|ARM64
		{A70F238A-F1DD-40CF-B312-1855B3164449}.Debug|x64.ActiveCfg = Debug|x64
		{A70F238A-F1DD-40CF-B312-1855B3164449}.Debug|x64.Build.0 = Debug|x64
		{A70F238A-F1DD-40CF-B312-1855B3164449}.Debug|x64.Deploy.0 = Debug|x64
		{A70F238A-F1DD-40CF-B312-1855B3164449}.Debug|x86.ActiveCfg = Debug|x86
		{A70F238A-F1DD-40CF-B312-1855B3164449}.Debug|x86.Build.0 = Debug|x86
		{A70F238A-F1DD-40CF-B312-1855B3164449}.Debug|x86.Deploy.0 = Debug|x86
		{A70F238A-F1DD-40CF-B312-1855B3164449}.Release|ARM.ActiveCfg = Release|ARM
		{A70F238A-F1DD-40CF-B312-1855B3164449}.Release|ARM.Build.0 = Release|ARM
		{A70F238A-F1DD-40CF-B312-1855B3164449}.Release|ARM.Deploy.0 = Release|ARM
		{A70F238A-F1DD-40CF-B312-1855B3164449}.Release|ARM64.ActiveCfg = Release|ARM64
		{A70F238A-F1DD-40CF-B312-1855B3164449}.Release|ARM64.Build.0 = Release|ARM64
		{A70F238A-F1DD-40CF-B312-1855B3164449}.Release|ARM64.Deploy.0 = Release|ARM64
		{A70F238A-F1DD-40CF-B312-1855B3164449}.Release|x64.ActiveCfg = Release|x64
		{A70F238A-F1DD-40CF-B312-1855B3164449}.Release|x64.Build.0 = Release|x64
		{A70F238A-F1DD-40CF-B312-1855B3164449}.Release|x64.Deploy.0 = Release|x64
		{A70F238A-F1DD-40CF-B312-1855B3164449}.Release|x86.ActiveCfg = Release|x86
		{A70F238A-F1DD-40CF-B312-1855B3164449}.Release|x86.Build.0 = Release|x86
		{A70F238A-F1DD-40CF-B312-1855B3164449}.Release|x86.Deploy.0 = Release|x86
		{55676B93-A169-45C0-8959-DA7170765831}.Debug|ARM.ActiveCfg = Debug|ARM
		{55676B93-A169-45C0-8959-DA7170765831}.Debug|ARM.Build.0 = Debug|ARM
		{55676B93-A169-45C0-8959-DA7170765831}.Debug|ARM.Deploy.0 = Debug|ARM
		{55676B93-A169-45C0-8959-DA7170765831}.Debug|ARM64.ActiveCfg = Debug|ARM64
		{55676B93-A169-45C0-8959-DA7170765831}.Debug|ARM64.Build.0 = Debug|ARM64
		{55676B93-A169-45C0-8959-DA7170765831}.Debug|ARM64.Deploy.0 = Debug|ARM64
		{55676B93-A169-45C0-8959-DA7170765831}.Debug|x64.ActiveCfg = Debug|x64
		{55676B93-A169-45C0-8959-DA7170765831}.Debug|x64.Build.0 = Debug|x64
		{55676B93-A169-45C0-8959-DA7170765831}.Debug|x64.Deploy.0 = Debug|x64
		{55676B93-A169-45C0-8959-DA7170765831}.Debug|x86.ActiveCfg = Debug|x86
		{55676B93-A169-45C0-8959-DA7170765831}.Debug|x86.Build.0 = Debug|x86
		{55676B93-A169-45C0-8959-DA7170765831}.Debug|x86.Deploy.0 = Debug|x86
		{55676B93-A169-45C0-8959-DA7170765831}.Release|ARM.ActiveCfg = Release|ARM
		{55676B93-A169-45C0-8959-DA7170765831}.Release|ARM.Build.0 = Release|ARM
		{55676B93-A169-45C0-8959-DA7170765831}.Release|ARM.Deploy.0 = Release|ARM
		{55676B93-A169-45C0-8959-DA7170765831}.Release|ARM64.ActiveCfg = Release|ARM64
		{55676B93-A169-45C0-8959-DA7170765831}.Release|ARM64.Build.0 = Release|ARM64
		{55676B93-A169-45C0-8959-DA7170765831}.Release|ARM64.Deploy.0 = Release|ARM64
		{55676B93-A169-45C0-8959-DA7170765831}.Release|x64.ActiveCfg = Release|x64
		{55676B93-A169-45C0-8959-DA7170765831}.Release|x64.Build.0 = Release|x64
		{55676B93-A169-45C0-8959-DA7170765831}.Release|x64.Deploy.0 = Release|x64
		{55676B93-A169-45C0-8959-DA7170765831}.Release|x86.ActiveCfg = Release|x86
		{55676B93-A169-45C0-8959-DA7170765831}.Release|x86.Build.0 = Release|x86
		{55676B93-A169-45C0-8959-DA7170765831}.Release|x86.Deploy.0 = Release|x86
		{EF64777B-0AEF-4B0E-9911-30B4EA64D096}.Debug|ARM.ActiveCfg = Debug|ARM
		{EF64777B-0AEF-4B0E-9911-30B4EA64D096}.Debug|ARM.Build.0 = Debug|ARM
		{EF64777B-0AEF-4B0E-9911-30B4EA64D096}.Debug|ARM.Deploy.0 = Debug|ARM
		{EF64777B-0AEF-4B0E-9911-30B4EA64D096}.Debug|ARM64.ActiveCfg = Debug|ARM64
		{EF64777B-0AEF-4B0E-9911-30B4EA64D096}.Debug|ARM64.Build.0 = Debug|ARM64
		{EF64777B-0AEF-4B0E-9911-30B4EA64D096}.Debug|ARM64.Deploy.0 = Debug|ARM64
		{EF64777B-0AEF-4B0E-9911-30B4EA64D096}.Debug|x64.ActiveCfg = Debug|x64
		{EF64777B-0AEF-4B0E-9911-30B4EA64D096}.Debug|x64.Build.0 = Debug|x64
		{EF64777B-0AEF-4B0E-9911-30B4EA64D096}.Debug|x64.Deploy.0 = Debug|x64
		{EF64777B-0AEF-4B0E-9911-30B4EA64D096}.Debug|x86.ActiveCfg = Debug|x86
		{EF64777B-0AEF-4B0E-9911-30B4EA64D096}.Debug|x86.Build.0 = Debug|x86
		{EF64777B-0AEF-4B0E-9911-30B4EA64D096}.Debug|x86.Deploy.0 = Debug|x86
		{EF64777B-0AEF-4B0E-9911-30B4EA64D096}.Release|ARM.ActiveCfg = Release|ARM
		{EF64777B-0AEF-4B0E-9911-30B4EA64D096}.Release|ARM.Build.0 = Release|ARM
		{EF64777B-0AEF-4B0E-9911-30B4EA64D096}.Release|ARM.Deploy.0 = Release|ARM
		{EF64777B-0AEF-4B0E-9911-30B4EA64D096}.Release|ARM64.ActiveCfg = Release|ARM64
		{EF64777B-0AEF-4B0E-9911-30B4EA64D096}.Release|ARM64.Build.0 = Release|ARM64
		{EF64777B-0AEF-4B0E-9911-30B4EA64D096}.Release|ARM64.Deploy.0 = Release|ARM64
		{EF64777B-0AEF-4B0E-9911-30B4EA64D096}.Release|x64.ActiveCfg = Release|x64
		{EF64777B-0AEF-4B0E-9911-30B4EA64D096}.Release|x64.Build.0 = Release|x64
		{EF64777B-0AEF-4B0E-9911-30B4EA64D096}.Release|x64.Deploy.0 = Release|x64
		{EF64777B-0AEF-4B0E-9911-30B4EA64D096}.Release|x86.ActiveCfg = Release|x86
		{EF64777B-0AEF-4B0E-9911-30B4EA64D096}.Release|x86.Build.0 = Release|x86
		{EF64777B-0AEF-4B0E-9911-30B4EA64D096}.Release|x86.Deploy.0 = Release|x86
		{352A5090-0087-4623-9CD5-606ABFD66060}.Debug|ARM.ActiveCfg = Debug|ARM
		{352A5090-0087-4623-9CD5-606ABFD66060}.Debug|ARM.Build.0 = Debug|ARM
		{352A5090-0087-4623-9CD5-606ABFD66060}.Debug|ARM.Deploy.0 = Debug|ARM
		{352A5090-0087-4623-9CD5-606ABFD66060}.Debug|ARM64.ActiveCfg = Debug|ARM64
		{352A5090-0087-4623-9CD5-606ABFD66060}.Debug|ARM64.Build.0 = Debug|ARM64
		{352A5090-0087-4623-9CD5-606ABFD66060}.Debug|ARM64.Deploy.0 = Debug|ARM64
		{352A5090-0087-4623-9CD5-606ABFD66060}.Debug|x64.ActiveCfg = Debug|x64
		{352A5090-0087-4623-9CD5-606ABFD66060}.Debug|x64.Build.0 = Debug|x64
		{352A5090-0087-4623-9CD5-606ABFD66060}.Debug|x64.Deploy.0 = Debug|x64
		{352A5090-0087-4623-9CD5-606ABFD66060}.Debug|x86.ActiveCfg = Debug|x86
		{352A5090-0087-4623-9CD5-606ABFD66060}.Debug|x86.Build.0 = Debug|x86
		{352A5090-0087-4623-9CD5-606ABFD66060}.Debug|x86.Deploy.0 = Debug|x86
		{352A5090-0087-4623-9CD5-606ABFD66060}.Release|ARM.ActiveCfg = Release|ARM
		{352A5090-0087-4623-9CD5-606ABFD66060}.Release|ARM.Build.0 = Release|ARM
		{352A5090-0087-4623-9CD5-606ABFD66060}.Release|ARM.Deploy.0 = Release|ARM
		{352A5090-0087-4623-9CD5-606ABFD66060}.Release|ARM64.ActiveCfg = Release|ARM64
		{352A5090-0087-4623-9CD5-606ABFD66060}.Release|ARM64.Build.0 = Release|ARM64
		{352A5090-0087-4623-9CD5-606ABFD66060}.Release|ARM64.Deploy.0 = Release|ARM64
		{352A5090-0087-4623-9CD5-606ABFD66060}.Release|x64.ActiveCfg = Release|x64
		{352A5090-0087-4623-9CD5-606ABFD66060}.Release|x64.Build.0 = Release|x64
		{352A5090-0087-4623-9CD5-606ABFD66060}.Release|x64.Deploy.0 = Release|x64
		{352A5090-0087-4623-9CD5-606ABFD66060}.Release|x86.ActiveCfg = Release|x86
		{352A5090-0087-4623-9CD5-606ABFD66060}.Release|x86.Build.0 = Release|x86
		{352A5090-0087-4623-9CD5-606ABFD66060}.Release|x86.Deploy.0 = Release|x86
		{51AFC3A8-60A4-43A8-ADF2-FFE23DF16F4E}.Debug|ARM.ActiveCfg = Debug|ARM
		{51AFC3A8-60A4-43A8-ADF2-FFE23DF16F4E}.Debug|ARM.Build.0 = Debug|ARM
		{51AFC3A8-60A4-43A8-ADF2-FFE23DF16F4E}.Debug|ARM.Deploy.0 = Debug|ARM
		{51AFC3A8-60A4-43A8-ADF2-FFE23DF16F4E}.Debug|ARM64.ActiveCfg = Debug|ARM64
		{51AFC3A8-60A4-43A8-ADF2-FFE23DF16F4E}.Debug|ARM64.Build.0 = Debug|ARM64
		{51AFC3A8-60A4-43A8-ADF2-FFE23DF16F4E}.Debug|ARM64.Deploy.0 = Debug|ARM64
		{51AFC3A8-60A4-43A8-ADF2-FFE23DF16F4E}.Debug|x64.ActiveCfg = Debug|x64
		{51AFC3A8-60A4-43A8-ADF2-FFE23DF16F4E}.Debug|x64.Build.0 = Debug|x64
		{51AFC3A8-60A4-43A8-ADF2-FFE23DF16F4E}.Debug|x64.Deploy.0 = Debug|x64
		{51AFC3A8-60A4-43A8-ADF2-FFE23DF16F4E}.Debug|x86.ActiveCfg = Debug|x86
		{51AFC3A8-60A4-43A8-ADF2-FFE23DF16F4E}.Debug|x86.Build.0 = Debug|x86
		{51AFC3A8-60A4-43A8-ADF2-FFE23DF16F4E}.Debug|x86.Deploy.0 = Debug|x86
		{51AFC3A8-60A4-43A8-ADF2-FFE23DF16F4E}.Release|ARM.ActiveCfg = Release|ARM
		{51AFC3A8-60A4-43A8-ADF2-FFE23DF16F4E}.Release|ARM.Build.0 = Release|ARM
		{51AFC3A8-60A4-43A8-ADF2-FFE23DF16F4E}.Release|ARM.Deploy.0 = Release|ARM
		{51AFC3A8-60A4-43A8-ADF2-FFE23DF16F4E}.Release|ARM64.ActiveCfg = Release|ARM64
		{51AFC3A8-60A4-43A8-ADF2-FFE23DF16F4E}.Release|ARM64.Build.0 = Release|ARM64
		{51AFC3A8-60A4-43A8-ADF2-FFE23DF16F4E}.Release|ARM64.Deploy.0 = Release|ARM64
		{51AFC3A8-60A4-43A8-ADF2-FFE23DF16F4E}.Release|x64.ActiveCfg = Release|x64
		{51AFC3A8-60A4-43A8-ADF2-FFE23DF16F4E}.Release|x64.Build.0 = Release|x64
		{51AFC3A8-60A4-43A8-ADF2-FFE23DF16F4E}.Release|x64.Deploy.0 = Release|x64
		{51AFC3A8-60A4-43A8-ADF2-FFE23DF16F4E}.Release|x86.ActiveCfg = Release|x86
		{51AFC3A8-60A4-43A8-ADF2-FFE23DF16F4E}.Release|x86.Build.0 = Release|x86
		{51AFC3A8-60A4-43A8-ADF2-FFE23DF16F4E}.Release|x86.Deploy.0 = Release|x86
		{9F00C455-7220-4E80-AF41-ACA9BBEF7884}.Debug|ARM.ActiveCfg = Debug|ARM
		{9F00C455-7220-4E80-AF41-ACA9BBEF7884}.Debug|ARM.Build.0 = Debug|ARM
		{9F00C455-7220-4E80-AF41-ACA9BBEF7884}.Debug|ARM.Deploy.0 = Debug|ARM
		{9F00C455-7220-4E80-AF41-ACA9BBEF7884}.Debug|ARM64.ActiveCfg = Debug|ARM64
		{9F00C455-7220-4E80-AF41-ACA9BBEF7884}.Debug|ARM64.Build.0 = Debug|ARM64
		{9F00C455-7220-4E80-AF41-ACA9BBEF7884}.Debug|ARM64.Deploy.0 = Debug|ARM64
		{9F00C455-7220-4E80-AF41-ACA9BBEF7884}.Debug|x64.ActiveCfg = Debug|x64
		{9F00C455-7220-4E80-AF41-ACA9BBEF7884}.Debug|x64.Build.0 = Debug|x64
		{9F00C455-7220-4E80-AF41-ACA9BBEF7884}.Debug|x64.Deploy.0 = Debug|x64
		{9F00C455-7220-4E80-AF41-ACA9BBEF7884}.Debug|x86.ActiveCfg = Debug|x86
		{9F00C455-7220-4E80-AF41-ACA9BBEF7884}.Debug|x86.Build.0 = Debug|x86
		{9F00C455-7220-4E80-AF41-ACA9BBEF7884}.Debug|x86.Deploy.0 = Debug|x86
		{9F00C455-7220-4E80-AF41-ACA9BBEF7884}.Release|ARM.ActiveCfg = Release|ARM
		{9F00C455-7220-4E80-AF41-ACA9BBEF7884}.Release|ARM.Build.0 = Release|ARM
		{9F00C455-7220-4E80-AF41-ACA9BBEF7884}.Release|ARM.Deploy.0 = Release|ARM
		{9F00C455-7220-4E80-AF41-ACA9BBEF7884}.Release|ARM64.ActiveCfg = Release|ARM64
		{9F00C455-7220-4E80-AF41-ACA9BBEF7884}.Release|ARM64.Build.0 = Release|ARM64
		{9F00C455-7220-4E80-AF41-ACA9BBEF7884}.Release|ARM64.Deploy.0 = Release|ARM64
		{9F00C455-7220-4E80-AF41-ACA9BBEF7884}.Release|x64.ActiveCfg = Release|x64
		{9F00C455-7220-4E80-AF41-ACA9BBEF7884}.Release|x64.Build.0 = Release|x64
		{9F00C455-7220-4E80-AF41-ACA9BBEF7884}.Release|x64.Deploy.0 = Release|x64
		{9F00C455-7220-4E80-AF41-ACA9BBEF7884}.Release|x86.ActiveCfg = Release|x86
		{9F00C455-7220-4E80-AF41-ACA9BBEF7884}.Release|x86.Build.0 = Release|x86
		{9F00C455-7220-4E80-AF41-ACA9BBEF7884}.Release|x86.Deploy.0 = Release|x86
		{10E84B89-AB28-4349-A96A-16620BD5AD0B}.Debug|ARM.ActiveCfg = Debug|ARM
		{10E84B89-AB28-4349-A96A-16620BD5AD0B}.Debug|ARM.Build.0 = Debug|ARM
		{10E84B89-AB28-4349-A96A-16620BD5AD0B}.Debug|ARM.Deploy.0 = Debug|ARM
		{10E84B89-AB28-4349-A96A-16620BD5AD0B}.Debug|ARM64.ActiveCfg = Debug|ARM64
		{10E84B89-AB28-4349-A96A-16620BD5AD0B}.Debug|ARM64.Build.0 = Debug|ARM64
		{10E84B89-AB28-4349-A96A-16620BD5AD0B}.Debug|ARM64.Deploy.0 = Debug|ARM64
		{10E84B89-AB28-4349-A96A-16620BD5AD0B}.Debug|x64.ActiveCfg = Debug|x64
		{10E84B89-AB28-4349-A96A-16620BD5AD0B}.Debug|x64.Build.0 = Debug|x64
		{10E84B89-AB28-4349-A96A-16620BD5AD0B}.Debug|x64.Deploy.0 = Debug|x64
		{10E84B89-AB28-4349-A96A-16620BD5AD0B}.Debug|x86.ActiveCfg = Debug|x86
		{10E84B89-AB28-4349-A96A-16620BD5AD0B}.Debug|x86.Build.0 = Debug|x86
		{10E84B89-AB28-4349-A96A-16620BD5AD0B}.Debug|x86.Deploy.0 = Debug|x86
		{10E84B89-AB28-4349-A96A-16620BD5AD0B}.Release|ARM.ActiveCfg = Release|ARM
		{10E84B89-AB28-4349-A96A-16620BD5AD0B}.Release|ARM.Build.0 = Release|ARM
		{10E84B89-AB28-4349-A96A-16620BD5AD0B}.Release|ARM.Deploy.0 = Release|ARM
		{10E84B89-AB28-4349-A96A-16620BD5AD0B}.Release|ARM64.ActiveCfg = Release|ARM64
		{10E84B89-AB28-4349-A96A-16620BD5AD0B}.Release|ARM64.Build.0 = Release|ARM64
		{10E84B89-AB28-4349-A96A-16620BD5AD0B}.Release|ARM64.Deploy.0 = Release|ARM64
		{10E84B89-AB28-4349-A96A-16620BD5AD0B}.Release|x64.ActiveCfg = Release|x64
		{10E84B89-AB28-4349-A96A-16620BD5AD0B}.Release|x64.Build.0 = Release|x64
		{10E84B89-AB28-4349-A96A-16620BD5AD0B}.Release|x64.Deploy.0 = Release|x64
		{10E84B89-AB28-4349-A96A-16620BD5AD0B}.Release|x86.ActiveCfg = Release|x86
		{10E84B89-AB28-4349-A96A-16620BD5AD0B}.Release|x86.Build.0 = Release|x86
		{10E84B89-AB28-4349-A96A-16620BD5AD0B}.Release|x86.Deploy.0 = Release|x86
		{0B20C374-266C-4560-AE49-38971781B8E1}.Debug|ARM.ActiveCfg = Debug|ARM
		{0B20C374-266C-4560-AE49-38971781B8E1}.Debug|ARM.Build.0 = Debug|ARM
		{0B20C374-266C-4560-AE49-38971781B8E1}.Debug|ARM.Deploy.0 = Debug|ARM
		{0B20C374-266C-4560-AE49-38971781B8E1}.Debug|ARM64.ActiveCfg = Debug|ARM64
		{0B20C374-266C-4560-AE49-38971781B8E1}.Debug|ARM64.Build.0 = Debug|ARM64
		{0B20C374-266C-4560-AE49-38971781B8E1}.Debug|ARM64.Deploy.0 = Debug|ARM64
		{0B20C374-266C-4560-AE49-38971781B8E1}.Debug|x64.ActiveCfg = Debug|x64
		{0B20C374-266C-4560-AE49-38971781B8E1}.Debug|x64.Build.0 = Debug|x64
		{0B20C374-266C-4560-AE49-38971781B8E1}.Debug|x64.Deploy.0 = Debug|x64
		{0B20C374-266C-4560-AE49-38971781B8E1}.Debug|x86.ActiveCfg = Debug|x86
		{0B20C374-266C-4560-AE49-38971781B8E1}.Debug|x86.Build.0 = Debug|x86
		{0B20C374-266C-4560-AE49-38971781B8E1}.Debug|x86.Deploy.0 = Debug|x86
		{0B20C374-266C-4560-AE49-38971781B8E1}.Release|ARM.ActiveCfg = Release|ARM
		{0B20C374-266C-4560-AE49-38971781B8E1}.Release|ARM.Build.0 = Release|ARM
		{0B20C374-266C-4560-AE49-38971781B8E1}.Release|ARM.Deploy.0 = Release|ARM
		{0B20C374-266C-4560-AE49-38971781B8E1}.Release|ARM64.ActiveCfg = Release|ARM64
		{0B20C374-266C-4560-AE49-38971781B8E1}.Release|ARM64.Build.0 = Release|ARM64
		{0B20C374-266C-4560-AE49-38971781B8E1}.Release|ARM64.Deploy.0 = Release|ARM64
		{0B20C374-266C-4560-AE49-38971781B8E1}.Release|x64.ActiveCfg = Release|x64
		{0B20C374-266C-4560-AE49-38971781B8E1}.Release|x64.Build.0 = Release|x64
		{0B20C374-266C-4560-AE49-38971781B8E1}.Release|x64.Deploy.0 = Release|x64
		{0B20C374-266C-4560-AE49-38971781B8E1}.Release|x86.ActiveCfg = Release|x86
		{0B20C374-266C-4560-AE49-38971781B8E1}.Release|x86.Build.0 = Release|x86
		{0B20C374-266C-4560-AE49-38971781B8E1}.Release|x86.Deploy.0 = Release|x86
		{EC3987E3-991D-48D7-BFAA-7D8DE7780DEB}.Debug|ARM.ActiveCfg = Debug|ARM
		{EC3987E3-991D-48D7-BFAA-7D8DE7780DEB}.Debug|ARM.Build.0 = Debug|ARM
		{EC3987E3-991D-48D7-BFAA-7D8DE7780DEB}.Debug|ARM.Deploy.0 = Debug|ARM
		{EC3987E3-991D-48D7-BFAA-7D8DE7780DEB}.Debug|ARM64.ActiveCfg = Debug|ARM64
		{EC3987E3-991D-48D7-BFAA-7D8DE7780DEB}.Debug|ARM64.Build.0 = Debug|ARM64
		{EC3987E3-991D-48D7-BFAA-7D8DE7780DEB}.Debug|ARM64.Deploy.0 = Debug|ARM64
		{EC3987E3-991D-48D7-BFAA-7D8DE7780DEB}.Debug|x64.ActiveCfg = Debug|x64
		{EC3987E3-991D-48D7-BFAA-7D8DE7780DEB}.Debug|x64.Build.0 = Debug|x64
		{EC3987E3-991D-48D7-BFAA-7D8DE7780DEB}.Debug|x64.Deploy.0 = Debug|x64
		{EC3987E3-991D-48D7-BFAA-7D8DE7780DEB}.Debug|x86.ActiveCfg = Debug|x86
		{EC3987E3-991D-48D7-BFAA-7D8DE7780DEB}.Debug|x86.Build.0 = Debug|x86
		{EC3987E3-991D-48D7-BFAA-7D8DE7780DEB}.Debug|x86.Deploy.0 = Debug|x86
		{EC3987E3-991D-48D7-BFAA-7D8DE7780DEB}.Release|ARM.ActiveCfg = Release|ARM
		{EC3987E3-991D-48D7-BFAA-7D8DE7780DEB}.Release|ARM.Build.0 = Release|ARM
		{EC3987E3-991D-48D7-BFAA-7D8DE7780DEB}.Release|ARM.Deploy.0 = Release|ARM
		{EC3987E3-991D-48D7-BFAA-7D8DE7780DEB}.Release|ARM64.ActiveCfg = Release|ARM64
		{EC3987E3-991D-48D7-BFAA-7D8DE7780DEB}.Release|ARM64.Build.0 = Release|ARM64
		{EC3987E3-991D-48D7-BFAA-7D8DE7780DEB}.Release|ARM64.Deploy.0 = Release|ARM64
		{EC3987E3-991D-48D7-BFAA-7D8DE7780DEB}.Release|x64.ActiveCfg = Release|x64
		{EC3987E3-991D-48D7-BFAA-7D8DE7780DEB}.Release|x64.Build.0 = Release|x64
		{EC3987E3-991D-48D7-BFAA-7D8DE7780DEB}.Release|x64.Deploy.0 = Release|x64
		{EC3987E3-991D-48D7-BFAA-7D8DE7780DEB}.Release|x86.ActiveCfg = Release|x86
		{EC3987E3-991D-48D7-BFAA-7D8DE7780DEB}.Release|x86.Build.0 = Release|x86
		{EC3987E3-991D-48D7-BFAA-7D8DE7780DEB}.Release|x86.Deploy.0 = Release|x86
		{BC90F05B-0BD3-4123-AF09-C8AFF7332E9E}.Debug|ARM.ActiveCfg = Debug|ARM
		{BC90F05B-0BD3-4123-AF09-C8AFF7332E9E}.Debug|ARM.Build.0 = Debug|ARM
		{BC90F05B-0BD3-4123-AF09-C8AFF7332E9E}.Debug|ARM.Deploy.0 = Debug|ARM
		{BC90F05B-0BD3-4123-AF09-C8AFF7332E9E}.Debug|ARM64.ActiveCfg = Debug|ARM64
		{BC90F05B-0BD3-4123-AF09-C8AFF7332E9E}.Debug|ARM64.Build.0 = Debug|ARM64
		{BC90F05B-0BD3-4123-AF09-C8AFF7332E9E}.Debug|ARM64.Deploy.0 = Debug|ARM64
		{BC90F05B-0BD3-4123-AF09-C8AFF7332E9E}.Debug|x64.ActiveCfg = Debug|x64
		{BC90F05B-0BD3-4123-AF09-C8AFF7332E9E}.Debug|x64.Build.0 = Debug|x64
		{BC90F05B-0BD3-4123-AF09-C8AFF7332E9E}.Debug|x64.Deploy.0 = Debug|x64
		{BC90F05B-0BD3-4123-AF09-C8AFF7332E9E}.Debug|x86.ActiveCfg = Debug|x86
		{BC90F05B-0BD3-4123-AF09-C8AFF7332E9E}.Debug|x86.Build.0 = Debug|x86
		{BC90F05B-0BD3-4123-AF09-C8AFF7332E9E}.Debug|x86.Deploy.0 = Debug|x86
		{BC90F05B-0BD3-4123-AF09-C8AFF7332E9E}.Release|ARM.ActiveCfg = Release|ARM
		{BC90F05B-0BD3-4123-AF09-C8AFF7332E9E}.Release|ARM.Build.0 = Release|ARM
		{BC90F05B-0BD3-4123-AF09-C8AFF7332E9E}.Release|ARM.Deploy.0 = Release|ARM
		{BC90F05B-0BD3-4123-AF09-C8AFF7332E9E}.Release|ARM64.ActiveCfg = Release|ARM64
		{BC90F05B-0BD3-4123-AF09-C8AFF7332E9E}.Release|ARM64.Build.0 = Release|ARM64
		{BC90F05B-0BD3-4123-AF09-C8AFF7332E9E}.Release|ARM64.Deploy.0 = Release|ARM64
		{BC90F05B-0BD3-4123-AF09-C8AFF7332E9E}.Release|x64.ActiveCfg = Release|x64
		{BC90F05B-0BD3-4123-AF09-C8AFF7332E9E}.Release|x64.Build.0 = Release|x64
		{BC90F05B-0BD3-4123-AF09-C8AFF7332E9E}.Release|x64.Deploy.0 = Release|x64
		{BC90F05B-0BD3-4123-AF09-C8AFF7332E9E}.Release|x86.ActiveCfg = Release|x86
		{BC90F05B-0BD3-4123-AF09-C8AFF7332E9E}.Release|x86.Build.0 = Release|x86
		{BC90F05B-0BD3-4123-AF09-C8AFF7332E9E}.Release|x86.Deploy.0 = Release|x86
		{0304B3D8-3AF1-4E14-AAAE-0753CFEDB9C4}.Debug|ARM.ActiveCfg = Debug|ARM
		{0304B3D8-3AF1-4E14-AAAE-0753CFEDB9C4}.Debug|ARM.Build.0 = Debug|ARM
		{0304B3D8-3AF1-4E14-AAAE-0753CFEDB9C4}.Debug|ARM.Deploy.0 = Debug|ARM
		{0304B3D8-3AF1-4E14-AAAE-0753CFEDB9C4}.Debug|ARM64.ActiveCfg = Debug|ARM64
		{0304B3D8-3AF1-4E14-AAAE-0753CFEDB9C4}.Debug|ARM64.Build.0 = Debug|ARM64
		{0304B3D8-3AF1-4E14-AAAE-0753CFEDB9C4}.Debug|ARM64.Deploy.0 = Debug|ARM64
		{0304B3D8-3AF1-4E14-AAAE-0753CFEDB9C4}.Debug|x64.ActiveCfg = Debug|x64
		{0304B3D8-3AF1-4E14-AAAE-0753CFEDB9C4}.Debug|x64.Build.0 = Debug|x64
		{0304B3D8-3AF1-4E14-AAAE-0753CFEDB9C4}.Debug|x64.Deploy.0 = Debug|x64
		{0304B3D8-3AF1-4E14-AAAE-0753CFEDB9C4}.Debug|x86.ActiveCfg = Debug|x86
		{0304B3D8-3AF1-4E14-AAAE-0753CFEDB9C4}.Debug|x86.Build.0 = Debug|x86
		{0304B3D8-3AF1-4E14-AAAE-0753CFEDB9C4}.Debug|x86.Deploy.0 = Debug|x86
		{0304B3D8-3AF1-4E14-AAAE-0753CFEDB9C4}.Release|ARM.ActiveCfg = Release|ARM
		{0304B3D8-3AF1-4E14-AAAE-0753CFEDB9C4}.Release|ARM.Build.0 = Release|ARM
		{0304B3D8-3AF1-4E14-AAAE-0753CFEDB9C4}.Release|ARM.Deploy.0 = Release|ARM
		{0304B3D8-3AF1-4E14-AAAE-0753CFEDB9C4}.Release|ARM64.ActiveCfg = Release|ARM64
		{0304B3D8-3AF1-4E14-AAAE-0753CFEDB9C4}.Release|ARM64.Build.0 = Release|ARM64
		{0304B3D8-3AF1-4E14-AAAE-0753CFEDB9C4}.Release|ARM64.Deploy.0 = Release|ARM64
		{0304B3D8-3AF1-4E14-AAAE-0753CFEDB9C4}.Release|x64.ActiveCfg = Release|x64
		{0304B3D8-3AF1-4E14-AAAE-0753CFEDB9C4}.Release|x64.Build.0 = Release|x64
		{0304B3D8-3AF1-4E14-AAAE-0753CFEDB9C4}.Release|x64.Deploy.0 = Release|x64
		{0304B3D8-3AF1-4E14-AAAE-0753CFEDB9C4}.Release|x86.ActiveCfg = Release|x86
		{0304B3D8-3AF1-4E14-AAAE-0753CFEDB9C4}.Release|x86.Build.0 = Release|x86
		{0304B3D8-3AF1-4E14-AAAE-0753CFEDB9C4}.Release|x86.Deploy.0 = Release|x86
		{1354DEAF-419A-44C5-B386-3466E7B34C04}.Debug|ARM.ActiveCfg = Debug|ARM
		{1354DEAF-419A-44C5-B386-3466E7B34C04}.Debug|ARM.Build.0 = Debug|ARM
		{1354DEAF-419A-44C5-B386-3466E7B34C04}.Debug|ARM.Deploy.0 = Debug|ARM
		{1354DEAF-419A-44C5-B386-3466E7B34C04}.Debug|ARM64.ActiveCfg = Debug|ARM64
		{1354DEAF-419A-44C5-B386-3466E7B34C04}.Debug|ARM64.Build.0 = Debug|ARM64
		{1354DEAF-419A-44C5-B386-3466E7B34C04}.Debug|ARM64.Deploy.0 = Debug|ARM64
		{1354DEAF-419A-44C5-B386-3466E7B34C04}.Debug|x64.ActiveCfg = Debug|x64
		{1354DEAF-419A-44C5-B386-3466E7B34C04}.Debug|x64.Build.0 = Debug|x64
		{1354DEAF-419A-44C5-B386-3466E7B34C04}.Debug|x64.Deploy.0 = Debug|x64
		{1354DEAF-419A-44C5-B386-3466E7B34C04}.Debug|x86.ActiveCfg = Debug|x86
		{1354DEAF-419A-44C5-B386-3466E7B34C04}.Debug|x86.Build.0 = Debug|x86
		{1354DEAF-419A-44C5-B386-3466E7B34C04}.Debug|x86.Deploy.0 = Debug|x86
		{1354DEAF-419A-44C5-B386-3466E7B34C04}.Release|ARM.ActiveCfg = Release|ARM
		{1354DEAF-419A-44C5-B386-3466E7B34C04}.Release|ARM.Build.0 = Release|ARM
		{1354DEAF-419A-44C5-B386-3466E7B34C04}.Release|ARM.Deploy.0 = Release|ARM
		{1354DEAF-419A-44C5-B386-3466E7B34C04}.Release|ARM64.ActiveCfg = Release|ARM64
		{1354DEAF-419A-44C5-B386-3466E7B34C04}.Release|ARM64.Build.0 = Release|ARM64
		{1354DEAF-419A-44C5-B386-3466E7B34C04}.Release|ARM64.Deploy.0 = Release|ARM64
		{1354DEAF-419A-44C5-B386-3466E7B34C04}.Release|x64.ActiveCfg = Release|x64
		{1354DEAF-419A-44C5-B386-3466E7B34C04}.Release|x64.Build.0 = Release|x64
		{1354DEAF-419A-44C5-B386-3466E7B34C04}.Release|x64.Deploy.0 = Release|x64
		{1354DEAF-419A-44C5-B386-3466E7B34C04}.Release|x86.ActiveCfg = Release|x86
		{1354DEAF-419A-44C5-B386-3466E7B34C04}.Release|x86.Build.0 = Release|x86
		{1354DEAF-419A-44C5-B386-3466E7B34C04}.Release|x86.Deploy.0 = Release|x86
	EndGlobalSection
	GlobalSection(SolutionProperties) = preSolution
		HideSolutionNode = FALSE
	EndGlobalSection
	GlobalSection(NestedProjects) = preSolution
		{6F6F75B8-42E5-441F-9451-73D45CC1BFDB} = {49EAB1BB-51BE-4BCF-8DD7-D056F005CB3B}
		{EC76A170-E72D-448D-88B9-5F0369EFBA09} = {EAB8C35D-6F2D-4A24-ABC9-E5F07C8A413D}
		{BF82CF0B-A6F4-4777-96C4-A35DAEF17167} = {EAB8C35D-6F2D-4A24-ABC9-E5F07C8A413D}
		{54C2217D-3020-4202-B441-ACD09B413D5C} = {0B4050C0-0D90-4333-83CC-18FE301968A5}
		{61105ECA-57F3-46E2-A2DF-48EB6B24F097} = {0B4050C0-0D90-4333-83CC-18FE301968A5}
		{D9297E7F-7F8C-4E03-9204-84159EF98ABB} = {0B4050C0-0D90-4333-83CC-18FE301968A5}
		{C5E59773-98C0-4D1E-963B-EA387F91B3A9} = {0B4050C0-0D90-4333-83CC-18FE301968A5}
		{896EFF76-9C1D-41C1-9E8A-CFD3BCBDD4EA} = {2287E7BA-20D0-45E8-BBB7-EB0B2C06C2EB}
		{70E50589-42F5-45DE-BEEB-E35C9DB21710} = {2287E7BA-20D0-45E8-BBB7-EB0B2C06C2EB}
		{5E6399AC-610F-42E1-B604-2006F2695091} = {7E53C481-92EC-4ADA-801B-33F770FA192D}
		{28AC37C0-F75C-4ED8-B834-838A1C1C6C9A} = {EAB8C35D-6F2D-4A24-ABC9-E5F07C8A413D}
		{F79C32CD-369F-461B-9AEE-E430EE199C2B} = {0B4050C0-0D90-4333-83CC-18FE301968A5}
		{CBCABB9A-1150-455E-A9A5-A9450E576A9B} = {49EAB1BB-51BE-4BCF-8DD7-D056F005CB3B}
		{A2AB5E73-2DD0-4800-A8D3-859586C9FFA6} = {7E53C481-92EC-4ADA-801B-33F770FA192D}
		{458F2257-6D11-440E-98AB-3B10EC9CF680} = {7E53C481-92EC-4ADA-801B-33F770FA192D}
		{8999A692-1FF0-429D-ADBD-609BE4B82EDA} = {7E53C481-92EC-4ADA-801B-33F770FA192D}
		{CF1E2E55-D94F-40F4-B2C3-BD145170A5AF} = {7E53C481-92EC-4ADA-801B-33F770FA192D}
		{07A2C6B2-9321-4525-8999-9B05D93F78D2} = {0B4050C0-0D90-4333-83CC-18FE301968A5}
		{6FD01462-02C9-4E1B-8793-62C385409CD7} = {69F4B2A7-9354-462F-A56A-C7AF45512184}
		{98D43568-1CB7-4AB5-8B93-EB00F842D4FF} = {69F4B2A7-9354-462F-A56A-C7AF45512184}
		{69F4B2A7-9354-462F-A56A-C7AF45512184} = {49EAB1BB-51BE-4BCF-8DD7-D056F005CB3B}
		{2287E7BA-20D0-45E8-BBB7-EB0B2C06C2EB} = {49EAB1BB-51BE-4BCF-8DD7-D056F005CB3B}
		{A70F238A-F1DD-40CF-B312-1855B3164449} = {7E53C481-92EC-4ADA-801B-33F770FA192D}
		{55676B93-A169-45C0-8959-DA7170765831} = {7E53C481-92EC-4ADA-801B-33F770FA192D}
		{EF64777B-0AEF-4B0E-9911-30B4EA64D096} = {0B4050C0-0D90-4333-83CC-18FE301968A5}
		{352A5090-0087-4623-9CD5-606ABFD66060} = {504A1C88-55D4-43F2-AADB-A6965707A471}
		{51AFC3A8-60A4-43A8-ADF2-FFE23DF16F4E} = {504A1C88-55D4-43F2-AADB-A6965707A471}
		{9F00C455-7220-4E80-AF41-ACA9BBEF7884} = {504A1C88-55D4-43F2-AADB-A6965707A471}
		{10E84B89-AB28-4349-A96A-16620BD5AD0B} = {504A1C88-55D4-43F2-AADB-A6965707A471}
		{0B20C374-266C-4560-AE49-38971781B8E1} = {504A1C88-55D4-43F2-AADB-A6965707A471}
		{EC3987E3-991D-48D7-BFAA-7D8DE7780DEB} = {504A1C88-55D4-43F2-AADB-A6965707A471}
		{BC90F05B-0BD3-4123-AF09-C8AFF7332E9E} = {504A1C88-55D4-43F2-AADB-A6965707A471}
		{504A1C88-55D4-43F2-AADB-A6965707A471} = {EAB8C35D-6F2D-4A24-ABC9-E5F07C8A413D}
		{0304B3D8-3AF1-4E14-AAAE-0753CFEDB9C4} = {7E53C481-92EC-4ADA-801B-33F770FA192D}
		{1354DEAF-419A-44C5-B386-3466E7B34C04} = {0B4050C0-0D90-4333-83CC-18FE301968A5}
	EndGlobalSection
	GlobalSection(ExtensibilityGlobals) = postSolution
		SolutionGuid = {3465C426-7E10-4D74-814E-D2BEDA3745F1}
	EndGlobalSection
EndGlobal
