<?xml version="1.0" encoding="utf-8"?>
<Project ToolsVersion="4.0" xmlns="http://schemas.microsoft.com/developer/msbuild/2003">
  <ItemGroup>
    <Filter Include="pb">
      <UniqueIdentifier>{8ac0a16b-5eab-4b01-abd0-cb07d3d009c3}</UniqueIdentifier>
    </Filter>
    <Filter Include="Game_Texas">
      <UniqueIdentifier>{99f9db34-02b5-4dc0-8545-1f0978bfd43c}</UniqueIdentifier>
    </Filter>
    <Filter Include="public">
      <UniqueIdentifier>{c569bc63-5839-4adb-abfa-7a26106da186}</UniqueIdentifier>
    </Filter>
  </ItemGroup>
  <ItemGroup>
    <ClCompile Include="main.cpp">
      <Filter>Game_Texas</Filter>
    </ClCompile>
    <ClCompile Include="TableFrameSink.cpp">
      <Filter>Game_Texas</Filter>
    </ClCompile>
    <ClCompile Include="texas.cpp">
      <Filter>Game_Texas</Filter>
    </ClCompile>
    <ClCompile Include="funcC.cpp">
      <Filter>Game_Texas</Filter>
    </ClCompile>
    <ClCompile Include="cfg.cpp">
      <Filter>Game_Texas</Filter>
    </ClCompile>
    <ClCompile Include="..\..\Framework\public\GlobalFunc.cpp">
      <Filter>public</Filter>
    </ClCompile>
    <ClCompile Include="..\..\proto\texas.Message.pb.cc">
      <Filter>pb</Filter>
    </ClCompile>
  </ItemGroup>
  <ItemGroup>
    <ClInclude Include="TableFrameSink.h">
      <Filter>Game_Texas</Filter>
    </ClInclude>
    <ClInclude Include="StdRandom.h">
      <Filter>Game_Texas</Filter>
    </ClInclude>
    <ClInclude Include="texas.h">
      <Filter>Game_Texas</Filter>
    </ClInclude>
    <ClInclude Include="funcC.h">
      <Filter>Game_Texas</Filter>
    </ClInclude>
    <ClInclude Include="cfg.h">
      <Filter>Game_Texas</Filter>
    </ClInclude>
    <ClInclude Include="..\..\Framework\public\GlobalFunc.h">
      <Filter>public</Filter>
    </ClInclude>
    <ClInclude Include="..\..\proto\texas.Message.pb.h">
      <Filter>pb</Filter>
    </ClInclude>
  </ItemGroup>
</Project>